// !$*UTF8*$!
{
	archiveVersion = 1;
	classes = {
	};
	objectVersion = 46;
	objects = {

/* Begin PBXBuildFile section */
		3258C85C1D9D11BD00D61062 /* cards.json in Resources */ = {isa = PBXBuildFile; fileRef = 3258C85B1D9D11BD00D61062 /* cards.json */; };
		3258C85D1D9D11BD00D61062 /* cards.json in Resources */ = {isa = PBXBuildFile; fileRef = 3258C85B1D9D11BD00D61062 /* cards.json */; };
		3258C85E1D9D11BD00D61062 /* cards.json in Resources */ = {isa = PBXBuildFile; fileRef = 3258C85B1D9D11BD00D61062 /* cards.json */; };
		328E27741D9AB42200FF439A /* CuriosityView.swift in Sources */ = {isa = PBXBuildFile; fileRef = 328E27731D9AB42200FF439A /* CuriosityView.swift */; };
		328E27751D9AB42200FF439A /* CuriosityView.swift in Sources */ = {isa = PBXBuildFile; fileRef = 328E27731D9AB42200FF439A /* CuriosityView.swift */; };
		328E27761D9AB42200FF439A /* CuriosityView.swift in Sources */ = {isa = PBXBuildFile; fileRef = 328E27731D9AB42200FF439A /* CuriosityView.swift */; };
		328E27781D9AB43400FF439A /* CuriosityView.xib in Resources */ = {isa = PBXBuildFile; fileRef = 328E27771D9AB43400FF439A /* CuriosityView.xib */; };
		328E27791D9AB43400FF439A /* CuriosityView.xib in Resources */ = {isa = PBXBuildFile; fileRef = 328E27771D9AB43400FF439A /* CuriosityView.xib */; };
		328E277A1D9AB43400FF439A /* CuriosityView.xib in Resources */ = {isa = PBXBuildFile; fileRef = 328E27771D9AB43400FF439A /* CuriosityView.xib */; };
		328EAC1B1D9BBF3800A4042F /* CarouselViewType.swift in Sources */ = {isa = PBXBuildFile; fileRef = 328EAC1A1D9BBF3800A4042F /* CarouselViewType.swift */; };
		328EAC1C1D9BBF3800A4042F /* CarouselViewType.swift in Sources */ = {isa = PBXBuildFile; fileRef = 328EAC1A1D9BBF3800A4042F /* CarouselViewType.swift */; };
		328EAC1D1D9BBF3800A4042F /* CarouselViewType.swift in Sources */ = {isa = PBXBuildFile; fileRef = 328EAC1A1D9BBF3800A4042F /* CarouselViewType.swift */; };
		328EAC201D9C075100A4042F /* CarouselCellData.swift in Sources */ = {isa = PBXBuildFile; fileRef = 328EAC1F1D9C075100A4042F /* CarouselCellData.swift */; };
		328EAC211D9C075100A4042F /* CarouselCellData.swift in Sources */ = {isa = PBXBuildFile; fileRef = 328EAC1F1D9C075100A4042F /* CarouselCellData.swift */; };
		328EAC221D9C075100A4042F /* CarouselCellData.swift in Sources */ = {isa = PBXBuildFile; fileRef = 328EAC1F1D9C075100A4042F /* CarouselCellData.swift */; };
		328EAC241D9C0F5400A4042F /* CarouselLogic.swift in Sources */ = {isa = PBXBuildFile; fileRef = 328EAC231D9C0F5400A4042F /* CarouselLogic.swift */; };
		328EAC251D9C0F5400A4042F /* CarouselLogic.swift in Sources */ = {isa = PBXBuildFile; fileRef = 328EAC231D9C0F5400A4042F /* CarouselLogic.swift */; };
		328EAC261D9C0F5400A4042F /* CarouselLogic.swift in Sources */ = {isa = PBXBuildFile; fileRef = 328EAC231D9C0F5400A4042F /* CarouselLogic.swift */; };
		329670CA1D9A70DD003674D8 /* Carousel.swift in Sources */ = {isa = PBXBuildFile; fileRef = 329670C81D9A70DD003674D8 /* Carousel.swift */; };
		329670CB1D9A70DD003674D8 /* Carousel.swift in Sources */ = {isa = PBXBuildFile; fileRef = 329670C81D9A70DD003674D8 /* Carousel.swift */; };
		329670CC1D9A70DD003674D8 /* Carousel.swift in Sources */ = {isa = PBXBuildFile; fileRef = 329670C81D9A70DD003674D8 /* Carousel.swift */; };
		329670CD1D9A70DD003674D8 /* Carousel.xib in Resources */ = {isa = PBXBuildFile; fileRef = 329670C91D9A70DD003674D8 /* Carousel.xib */; };
		329670CE1D9A70DD003674D8 /* Carousel.xib in Resources */ = {isa = PBXBuildFile; fileRef = 329670C91D9A70DD003674D8 /* Carousel.xib */; };
		329670CF1D9A70DD003674D8 /* Carousel.xib in Resources */ = {isa = PBXBuildFile; fileRef = 329670C91D9A70DD003674D8 /* Carousel.xib */; };
		329670DF1D9A7D0A003674D8 /* PhotoAndTitleView.xib in Resources */ = {isa = PBXBuildFile; fileRef = 329670DE1D9A7D0A003674D8 /* PhotoAndTitleView.xib */; };
		329670E01D9A7D0A003674D8 /* PhotoAndTitleView.xib in Resources */ = {isa = PBXBuildFile; fileRef = 329670DE1D9A7D0A003674D8 /* PhotoAndTitleView.xib */; };
		329670E11D9A7D0A003674D8 /* PhotoAndTitleView.xib in Resources */ = {isa = PBXBuildFile; fileRef = 329670DE1D9A7D0A003674D8 /* PhotoAndTitleView.xib */; };
		329670E31D9A7DE0003674D8 /* PhotoAndTitleView.swift in Sources */ = {isa = PBXBuildFile; fileRef = 329670E21D9A7DE0003674D8 /* PhotoAndTitleView.swift */; };
		329670E41D9A7DE0003674D8 /* PhotoAndTitleView.swift in Sources */ = {isa = PBXBuildFile; fileRef = 329670E21D9A7DE0003674D8 /* PhotoAndTitleView.swift */; };
		329670E51D9A7DE0003674D8 /* PhotoAndTitleView.swift in Sources */ = {isa = PBXBuildFile; fileRef = 329670E21D9A7DE0003674D8 /* PhotoAndTitleView.swift */; };
		329670EB1D9A8157003674D8 /* CarouselView.swift in Sources */ = {isa = PBXBuildFile; fileRef = 329670EA1D9A8157003674D8 /* CarouselView.swift */; };
		329670EC1D9A8157003674D8 /* CarouselView.swift in Sources */ = {isa = PBXBuildFile; fileRef = 329670EA1D9A8157003674D8 /* CarouselView.swift */; };
		329670ED1D9A8157003674D8 /* CarouselView.swift in Sources */ = {isa = PBXBuildFile; fileRef = 329670EA1D9A8157003674D8 /* CarouselView.swift */; };
		329670F41D9A84DB003674D8 /* CarouselCell.swift in Sources */ = {isa = PBXBuildFile; fileRef = 329670F21D9A84DB003674D8 /* CarouselCell.swift */; };
		329670F51D9A84DB003674D8 /* CarouselCell.swift in Sources */ = {isa = PBXBuildFile; fileRef = 329670F21D9A84DB003674D8 /* CarouselCell.swift */; };
		329670F61D9A84DB003674D8 /* CarouselCell.swift in Sources */ = {isa = PBXBuildFile; fileRef = 329670F21D9A84DB003674D8 /* CarouselCell.swift */; };
		329670F71D9A84DB003674D8 /* CarouselCell.xib in Resources */ = {isa = PBXBuildFile; fileRef = 329670F31D9A84DB003674D8 /* CarouselCell.xib */; };
		329670F81D9A84DB003674D8 /* CarouselCell.xib in Resources */ = {isa = PBXBuildFile; fileRef = 329670F31D9A84DB003674D8 /* CarouselCell.xib */; };
		329670F91D9A84DB003674D8 /* CarouselCell.xib in Resources */ = {isa = PBXBuildFile; fileRef = 329670F31D9A84DB003674D8 /* CarouselCell.xib */; };
		62B091B75B6E0C250433BC83 /* Pods_SDKFrontiOS.framework in Frameworks */ = {isa = PBXBuildFile; fileRef = 3F85C40EA2C1B79B69491BDE /* Pods_SDKFrontiOS.framework */; };
		6D262B7F1DA9641700779B57 /* AwardModule.swift in Sources */ = {isa = PBXBuildFile; fileRef = 6D262B641DA9641700779B57 /* AwardModule.swift */; };
		6D262B801DA9641700779B57 /* AwardModule.xib in Resources */ = {isa = PBXBuildFile; fileRef = 6D262B651DA9641700779B57 /* AwardModule.xib */; };
		6D262B811DA9641700779B57 /* LaunchScreen.storyboard in Resources */ = {isa = PBXBuildFile; fileRef = 6D262B671DA9641700779B57 /* LaunchScreen.storyboard */; };
		6D262B821DA9641700779B57 /* Main.storyboard in Resources */ = {isa = PBXBuildFile; fileRef = 6D262B691DA9641700779B57 /* Main.storyboard */; };
		6D262B831DA9641700779B57 /* config1.json in Resources */ = {isa = PBXBuildFile; fileRef = 6D262B6B1DA9641700779B57 /* config1.json */; };
		6D262B841DA9641700779B57 /* ConfigModule.swift in Sources */ = {isa = PBXBuildFile; fileRef = 6D262B6C1DA9641700779B57 /* ConfigModule.swift */; };
		6D262B851DA9641700779B57 /* customValidator.json in Resources */ = {isa = PBXBuildFile; fileRef = 6D262B6D1DA9641700779B57 /* customValidator.json */; };
		6D262B861DA9641700779B57 /* DirectorModule.swift in Sources */ = {isa = PBXBuildFile; fileRef = 6D262B6E1DA9641700779B57 /* DirectorModule.swift */; };
		6D262B871DA9641700779B57 /* DirectorModule.xib in Resources */ = {isa = PBXBuildFile; fileRef = 6D262B6F1DA9641700779B57 /* DirectorModule.xib */; };
		6D262B881DA9641700779B57 /* ModuleValidator.swift in Sources */ = {isa = PBXBuildFile; fileRef = 6D262B701DA9641700779B57 /* ModuleValidator.swift */; };
		6D262B891DA9641700779B57 /* NavigationModule.swift in Sources */ = {isa = PBXBuildFile; fileRef = 6D262B711DA9641700779B57 /* NavigationModule.swift */; };
		6D262B8A1DA9641700779B57 /* NavigationModule.xib in Resources */ = {isa = PBXBuildFile; fileRef = 6D262B721DA9641700779B57 /* NavigationModule.xib */; };
		6D262B8B1DA9641700779B57 /* ProductModule.swift in Sources */ = {isa = PBXBuildFile; fileRef = 6D262B731DA9641700779B57 /* ProductModule.swift */; };
		6D262B8C1DA9641700779B57 /* ProductModule.xib in Resources */ = {isa = PBXBuildFile; fileRef = 6D262B741DA9641700779B57 /* ProductModule.xib */; };
		6D262B8D1DA9641700779B57 /* RatingModule.swift in Sources */ = {isa = PBXBuildFile; fileRef = 6D262B751DA9641700779B57 /* RatingModule.swift */; };
		6D262B8E1DA9641700779B57 /* RatingModule.xib in Resources */ = {isa = PBXBuildFile; fileRef = 6D262B761DA9641700779B57 /* RatingModule.xib */; };
		6D262B8F1DA9641700779B57 /* Section.xib in Resources */ = {isa = PBXBuildFile; fileRef = 6D262B771DA9641700779B57 /* Section.xib */; };
		6D262B901DA9641700779B57 /* SynopsisModule.swift in Sources */ = {isa = PBXBuildFile; fileRef = 6D262B781DA9641700779B57 /* SynopsisModule.swift */; };
		6D262B911DA9641700779B57 /* SynopsisModule.xib in Resources */ = {isa = PBXBuildFile; fileRef = 6D262B791DA9641700779B57 /* SynopsisModule.xib */; };
		6D262B921DA9641700779B57 /* TabModule.swift in Sources */ = {isa = PBXBuildFile; fileRef = 6D262B7A1DA9641700779B57 /* TabModule.swift */; };
		6D262B931DA9641700779B57 /* TabModule.xib in Resources */ = {isa = PBXBuildFile; fileRef = 6D262B7B1DA9641700779B57 /* TabModule.xib */; };
		6D262B941DA9641700779B57 /* Target.swift in Sources */ = {isa = PBXBuildFile; fileRef = 6D262B7C1DA9641700779B57 /* Target.swift */; };
		6D262B951DA9641700779B57 /* TitleModule.swift in Sources */ = {isa = PBXBuildFile; fileRef = 6D262B7D1DA9641700779B57 /* TitleModule.swift */; };
		6D262B961DA9641700779B57 /* TitleModule.xib in Resources */ = {isa = PBXBuildFile; fileRef = 6D262B7E1DA9641700779B57 /* TitleModule.xib */; };
		6D262B971DA9650C00779B57 /* ModuleValidator.swift in Sources */ = {isa = PBXBuildFile; fileRef = 6D262B701DA9641700779B57 /* ModuleValidator.swift */; };
		6D262B981DA9650D00779B57 /* ModuleValidator.swift in Sources */ = {isa = PBXBuildFile; fileRef = 6D262B701DA9641700779B57 /* ModuleValidator.swift */; };
		6D262B991DA9652800779B57 /* ConfigModule.swift in Sources */ = {isa = PBXBuildFile; fileRef = 6D262B6C1DA9641700779B57 /* ConfigModule.swift */; };
		6D262B9A1DA9652800779B57 /* ConfigModule.swift in Sources */ = {isa = PBXBuildFile; fileRef = 6D262B6C1DA9641700779B57 /* ConfigModule.swift */; };
		6D262B9B1DA9654000779B57 /* Target.swift in Sources */ = {isa = PBXBuildFile; fileRef = 6D262B7C1DA9641700779B57 /* Target.swift */; };
		6D262B9C1DA9654100779B57 /* Target.swift in Sources */ = {isa = PBXBuildFile; fileRef = 6D262B7C1DA9641700779B57 /* Target.swift */; };
		6D262B9D1DA9655200779B57 /* TitleModule.swift in Sources */ = {isa = PBXBuildFile; fileRef = 6D262B7D1DA9641700779B57 /* TitleModule.swift */; };
		6D262B9E1DA9655200779B57 /* TitleModule.swift in Sources */ = {isa = PBXBuildFile; fileRef = 6D262B7D1DA9641700779B57 /* TitleModule.swift */; };
		6D262B9F1DA9655B00779B57 /* SynopsisModule.swift in Sources */ = {isa = PBXBuildFile; fileRef = 6D262B781DA9641700779B57 /* SynopsisModule.swift */; };
		6D262BA01DA9655B00779B57 /* SynopsisModule.swift in Sources */ = {isa = PBXBuildFile; fileRef = 6D262B781DA9641700779B57 /* SynopsisModule.swift */; };
		6D262BA11DA9655F00779B57 /* TabModule.swift in Sources */ = {isa = PBXBuildFile; fileRef = 6D262B7A1DA9641700779B57 /* TabModule.swift */; };
		6D262BA21DA9656000779B57 /* TabModule.swift in Sources */ = {isa = PBXBuildFile; fileRef = 6D262B7A1DA9641700779B57 /* TabModule.swift */; };
		6D262BA31DA9656600779B57 /* DirectorModule.swift in Sources */ = {isa = PBXBuildFile; fileRef = 6D262B6E1DA9641700779B57 /* DirectorModule.swift */; };
		6D262BA41DA9656700779B57 /* DirectorModule.swift in Sources */ = {isa = PBXBuildFile; fileRef = 6D262B6E1DA9641700779B57 /* DirectorModule.swift */; };
		6D262BA51DA9656C00779B57 /* NavigationModule.swift in Sources */ = {isa = PBXBuildFile; fileRef = 6D262B711DA9641700779B57 /* NavigationModule.swift */; };
		6D262BA61DA9656C00779B57 /* NavigationModule.swift in Sources */ = {isa = PBXBuildFile; fileRef = 6D262B711DA9641700779B57 /* NavigationModule.swift */; };
		6D262BA71DA9657200779B57 /* ProductModule.swift in Sources */ = {isa = PBXBuildFile; fileRef = 6D262B731DA9641700779B57 /* ProductModule.swift */; };
		6D262BA81DA9657200779B57 /* ProductModule.swift in Sources */ = {isa = PBXBuildFile; fileRef = 6D262B731DA9641700779B57 /* ProductModule.swift */; };
		6D262BA91DA9657800779B57 /* RatingModule.swift in Sources */ = {isa = PBXBuildFile; fileRef = 6D262B751DA9641700779B57 /* RatingModule.swift */; };
		6D262BAA1DA9657800779B57 /* RatingModule.swift in Sources */ = {isa = PBXBuildFile; fileRef = 6D262B751DA9641700779B57 /* RatingModule.swift */; };
		6D262BAB1DA9657D00779B57 /* AwardModule.swift in Sources */ = {isa = PBXBuildFile; fileRef = 6D262B641DA9641700779B57 /* AwardModule.swift */; };
		6D262BAC1DA9657D00779B57 /* AwardModule.swift in Sources */ = {isa = PBXBuildFile; fileRef = 6D262B641DA9641700779B57 /* AwardModule.swift */; };
		6D262BAD1DA9659500779B57 /* AppDelegate.swift in Sources */ = {isa = PBXBuildFile; fileRef = A15164BA1D898402008AEA14 /* AppDelegate.swift */; };
		6D262BAE1DA9659500779B57 /* AppDelegate.swift in Sources */ = {isa = PBXBuildFile; fileRef = A15164BA1D898402008AEA14 /* AppDelegate.swift */; };
		6D262BAF1DA965A400779B57 /* config1.json in Resources */ = {isa = PBXBuildFile; fileRef = 6D262B6B1DA9641700779B57 /* config1.json */; };
		6D262BB01DA965A500779B57 /* config1.json in Resources */ = {isa = PBXBuildFile; fileRef = 6D262B6B1DA9641700779B57 /* config1.json */; };
		6D262BB11DA965AA00779B57 /* customValidator.json in Resources */ = {isa = PBXBuildFile; fileRef = 6D262B6D1DA9641700779B57 /* customValidator.json */; };
		6D262BB21DA965AB00779B57 /* customValidator.json in Resources */ = {isa = PBXBuildFile; fileRef = 6D262B6D1DA9641700779B57 /* customValidator.json */; };
		6D763BF91D916590007B3E6C /* SceneManager.swift in Sources */ = {isa = PBXBuildFile; fileRef = 6D763BF81D916590007B3E6C /* SceneManager.swift */; };
		6D763BFA1D916590007B3E6C /* SceneManager.swift in Sources */ = {isa = PBXBuildFile; fileRef = 6D763BF81D916590007B3E6C /* SceneManager.swift */; };
		6D763BFB1D916590007B3E6C /* SceneManager.swift in Sources */ = {isa = PBXBuildFile; fileRef = 6D763BF81D916590007B3E6C /* SceneManager.swift */; };
		6D763C011D916604007B3E6C /* CarouselCard.swift in Sources */ = {isa = PBXBuildFile; fileRef = 6D763C001D916604007B3E6C /* CarouselCard.swift */; };
		6D763C021D916604007B3E6C /* CarouselCard.swift in Sources */ = {isa = PBXBuildFile; fileRef = 6D763C001D916604007B3E6C /* CarouselCard.swift */; };
		6D763C031D916604007B3E6C /* CarouselCard.swift in Sources */ = {isa = PBXBuildFile; fileRef = 6D763C001D916604007B3E6C /* CarouselCard.swift */; };
		6D763C051D916617007B3E6C /* RelationData.swift in Sources */ = {isa = PBXBuildFile; fileRef = 6D763C041D916617007B3E6C /* RelationData.swift */; };
		6D763C061D916617007B3E6C /* RelationData.swift in Sources */ = {isa = PBXBuildFile; fileRef = 6D763C041D916617007B3E6C /* RelationData.swift */; };
		6D763C071D916617007B3E6C /* RelationData.swift in Sources */ = {isa = PBXBuildFile; fileRef = 6D763C041D916617007B3E6C /* RelationData.swift */; };
		6DE011D91D9D2F6800279CDA /* GrouppableTree.swift in Sources */ = {isa = PBXBuildFile; fileRef = 6DE011D81D9D2F6800279CDA /* GrouppableTree.swift */; };
		6DE011DA1D9D2F6800279CDA /* GrouppableTree.swift in Sources */ = {isa = PBXBuildFile; fileRef = 6DE011D81D9D2F6800279CDA /* GrouppableTree.swift */; };
		6DE011DB1D9D2F6800279CDA /* GrouppableTree.swift in Sources */ = {isa = PBXBuildFile; fileRef = 6DE011D81D9D2F6800279CDA /* GrouppableTree.swift */; };
		6DE011DE1D9E8AF800279CDA /* CarruselErrors.swift in Sources */ = {isa = PBXBuildFile; fileRef = 6DE011DD1D9E8AF800279CDA /* CarruselErrors.swift */; };
		6DE011DF1D9E8AF800279CDA /* CarruselErrors.swift in Sources */ = {isa = PBXBuildFile; fileRef = 6DE011DD1D9E8AF800279CDA /* CarruselErrors.swift */; };
		6DE011E01D9E8AF800279CDA /* CarruselErrors.swift in Sources */ = {isa = PBXBuildFile; fileRef = 6DE011DD1D9E8AF800279CDA /* CarruselErrors.swift */; };
		6DE011E31D9E96D800279CDA /* Validatable.swift in Sources */ = {isa = PBXBuildFile; fileRef = 6DE011E21D9E96D800279CDA /* Validatable.swift */; };
		6DE011E41D9E96D800279CDA /* Validatable.swift in Sources */ = {isa = PBXBuildFile; fileRef = 6DE011E21D9E96D800279CDA /* Validatable.swift */; };
		6DE011E51D9E96D800279CDA /* Validatable.swift in Sources */ = {isa = PBXBuildFile; fileRef = 6DE011E21D9E96D800279CDA /* Validatable.swift */; };
		6DE011E71D9FCFBC00279CDA /* groupabletree.json in Resources */ = {isa = PBXBuildFile; fileRef = 6DE011E61D9FCFBC00279CDA /* groupabletree.json */; };
		6DE011E81D9FCFBC00279CDA /* groupabletree.json in Resources */ = {isa = PBXBuildFile; fileRef = 6DE011E61D9FCFBC00279CDA /* groupabletree.json */; };
		6DE011E91D9FCFBC00279CDA /* groupabletree.json in Resources */ = {isa = PBXBuildFile; fileRef = 6DE011E61D9FCFBC00279CDA /* groupabletree.json */; };
		7EB5EDCD58301A9A539735FB /* Pods_SDKFrontiOSTests.framework in Frameworks */ = {isa = PBXBuildFile; fileRef = 0092F26BADD7C6F8BBEB3A3E /* Pods_SDKFrontiOSTests.framework */; };
		A15164BB1D898402008AEA14 /* AppDelegate.swift in Sources */ = {isa = PBXBuildFile; fileRef = A15164BA1D898402008AEA14 /* AppDelegate.swift */; };
		A15164BD1D898402008AEA14 /* ViewController.swift in Sources */ = {isa = PBXBuildFile; fileRef = A15164BC1D898402008AEA14 /* ViewController.swift */; };
		A15164C01D898402008AEA14 /* Main.storyboard in Resources */ = {isa = PBXBuildFile; fileRef = A15164BE1D898402008AEA14 /* Main.storyboard */; };
		A15164C21D898402008AEA14 /* Assets.xcassets in Resources */ = {isa = PBXBuildFile; fileRef = A15164C11D898402008AEA14 /* Assets.xcassets */; };
		A15164C51D898402008AEA14 /* LaunchScreen.storyboard in Resources */ = {isa = PBXBuildFile; fileRef = A15164C31D898402008AEA14 /* LaunchScreen.storyboard */; };
		A15164D01D898402008AEA14 /* SDKFrontiOSTests.swift in Sources */ = {isa = PBXBuildFile; fileRef = A15164CF1D898402008AEA14 /* SDKFrontiOSTests.swift */; };
		A15164DB1D898402008AEA14 /* SDKFrontiOSUITests.swift in Sources */ = {isa = PBXBuildFile; fileRef = A15164DA1D898402008AEA14 /* SDKFrontiOSUITests.swift */; };
		A15164F91D898507008AEA14 /* TypeOfCard.swift in Sources */ = {isa = PBXBuildFile; fileRef = A15164EF1D898507008AEA14 /* TypeOfCard.swift */; };
		A15164FA1D898507008AEA14 /* TypeOfCard.swift in Sources */ = {isa = PBXBuildFile; fileRef = A15164EF1D898507008AEA14 /* TypeOfCard.swift */; };
		A15164FB1D898507008AEA14 /* TypeOfCard.swift in Sources */ = {isa = PBXBuildFile; fileRef = A15164EF1D898507008AEA14 /* TypeOfCard.swift */; };
		A15164FF1D89851C008AEA14 /* Module.swift in Sources */ = {isa = PBXBuildFile; fileRef = A15164FC1D89851C008AEA14 /* Module.swift */; };
		A15165001D89851C008AEA14 /* Module.swift in Sources */ = {isa = PBXBuildFile; fileRef = A15164FC1D89851C008AEA14 /* Module.swift */; };
		A15165011D89851C008AEA14 /* Module.swift in Sources */ = {isa = PBXBuildFile; fileRef = A15164FC1D89851C008AEA14 /* Module.swift */; };
		A15165021D89851C008AEA14 /* PhotoModule.swift in Sources */ = {isa = PBXBuildFile; fileRef = A15164FD1D89851C008AEA14 /* PhotoModule.swift */; };
		A15165031D89851C008AEA14 /* PhotoModule.swift in Sources */ = {isa = PBXBuildFile; fileRef = A15164FD1D89851C008AEA14 /* PhotoModule.swift */; };
		A15165041D89851C008AEA14 /* PhotoModule.swift in Sources */ = {isa = PBXBuildFile; fileRef = A15164FD1D89851C008AEA14 /* PhotoModule.swift */; };
		A15165051D89851C008AEA14 /* PhotoModule.xib in Resources */ = {isa = PBXBuildFile; fileRef = A15164FE1D89851C008AEA14 /* PhotoModule.xib */; };
		A15165061D89851C008AEA14 /* PhotoModule.xib in Resources */ = {isa = PBXBuildFile; fileRef = A15164FE1D89851C008AEA14 /* PhotoModule.xib */; };
		A15165071D89851C008AEA14 /* PhotoModule.xib in Resources */ = {isa = PBXBuildFile; fileRef = A15164FE1D89851C008AEA14 /* PhotoModule.xib */; };
		A15165101D89852E008AEA14 /* BaseCardDetailBuilder.swift in Sources */ = {isa = PBXBuildFile; fileRef = A15165081D89852E008AEA14 /* BaseCardDetailBuilder.swift */; };
		A15165111D89852E008AEA14 /* BaseCardDetailBuilder.swift in Sources */ = {isa = PBXBuildFile; fileRef = A15165081D89852E008AEA14 /* BaseCardDetailBuilder.swift */; };
		A15165121D89852E008AEA14 /* BaseCardDetailBuilder.swift in Sources */ = {isa = PBXBuildFile; fileRef = A15165081D89852E008AEA14 /* BaseCardDetailBuilder.swift */; };
		A15165131D89852E008AEA14 /* CardData.swift in Sources */ = {isa = PBXBuildFile; fileRef = A15165091D89852E008AEA14 /* CardData.swift */; };
		A15165141D89852E008AEA14 /* CardData.swift in Sources */ = {isa = PBXBuildFile; fileRef = A15165091D89852E008AEA14 /* CardData.swift */; };
		A15165151D89852E008AEA14 /* CardData.swift in Sources */ = {isa = PBXBuildFile; fileRef = A15165091D89852E008AEA14 /* CardData.swift */; };
		A15165161D89852E008AEA14 /* CardDataCarousel.swift in Sources */ = {isa = PBXBuildFile; fileRef = A151650A1D89852E008AEA14 /* CardDataCarousel.swift */; };
		A15165171D89852E008AEA14 /* CardDataCarousel.swift in Sources */ = {isa = PBXBuildFile; fileRef = A151650A1D89852E008AEA14 /* CardDataCarousel.swift */; };
		A15165181D89852E008AEA14 /* CardDataCarousel.swift in Sources */ = {isa = PBXBuildFile; fileRef = A151650A1D89852E008AEA14 /* CardDataCarousel.swift */; };
		A15165191D89852E008AEA14 /* CardDetail.swift in Sources */ = {isa = PBXBuildFile; fileRef = A151650B1D89852E008AEA14 /* CardDetail.swift */; };
		A151651A1D89852E008AEA14 /* CardDetail.swift in Sources */ = {isa = PBXBuildFile; fileRef = A151650B1D89852E008AEA14 /* CardDetail.swift */; };
		A151651B1D89852E008AEA14 /* CardDetail.swift in Sources */ = {isa = PBXBuildFile; fileRef = A151650B1D89852E008AEA14 /* CardDetail.swift */; };
		A151651C1D89852E008AEA14 /* CardDetailBuilder.swift in Sources */ = {isa = PBXBuildFile; fileRef = A151650C1D89852E008AEA14 /* CardDetailBuilder.swift */; };
		A151651D1D89852E008AEA14 /* CardDetailBuilder.swift in Sources */ = {isa = PBXBuildFile; fileRef = A151650C1D89852E008AEA14 /* CardDetailBuilder.swift */; };
		A151651E1D89852E008AEA14 /* CardDetailBuilder.swift in Sources */ = {isa = PBXBuildFile; fileRef = A151650C1D89852E008AEA14 /* CardDetailBuilder.swift */; };
		A151651F1D89852E008AEA14 /* CardDetailJson.swift in Sources */ = {isa = PBXBuildFile; fileRef = A151650D1D89852E008AEA14 /* CardDetailJson.swift */; };
		A15165201D89852E008AEA14 /* CardDetailJson.swift in Sources */ = {isa = PBXBuildFile; fileRef = A151650D1D89852E008AEA14 /* CardDetailJson.swift */; };
		A15165211D89852E008AEA14 /* CardDetailJson.swift in Sources */ = {isa = PBXBuildFile; fileRef = A151650D1D89852E008AEA14 /* CardDetailJson.swift */; };
		A15165221D89852E008AEA14 /* ConfigSection.swift in Sources */ = {isa = PBXBuildFile; fileRef = A151650E1D89852E008AEA14 /* ConfigSection.swift */; };
		A15165231D89852E008AEA14 /* ConfigSection.swift in Sources */ = {isa = PBXBuildFile; fileRef = A151650E1D89852E008AEA14 /* ConfigSection.swift */; };
		A15165241D89852E008AEA14 /* ConfigSection.swift in Sources */ = {isa = PBXBuildFile; fileRef = A151650E1D89852E008AEA14 /* ConfigSection.swift */; };
		A15165251D89852E008AEA14 /* Section.swift in Sources */ = {isa = PBXBuildFile; fileRef = A151650F1D89852E008AEA14 /* Section.swift */; };
		A15165261D89852E008AEA14 /* Section.swift in Sources */ = {isa = PBXBuildFile; fileRef = A151650F1D89852E008AEA14 /* Section.swift */; };
		A15165271D89852E008AEA14 /* Section.swift in Sources */ = {isa = PBXBuildFile; fileRef = A151650F1D89852E008AEA14 /* Section.swift */; };
		B7A2F8F6C78E941A0C77973A /* Pods_SDKFrontiOSUITests.framework in Frameworks */ = {isa = PBXBuildFile; fileRef = 8DA2EA1464E2AC606C5E483C /* Pods_SDKFrontiOSUITests.framework */; };
/* End PBXBuildFile section */

/* Begin PBXContainerItemProxy section */
		A15164CC1D898402008AEA14 /* PBXContainerItemProxy */ = {
			isa = PBXContainerItemProxy;
			containerPortal = A15164AF1D898402008AEA14 /* Project object */;
			proxyType = 1;
			remoteGlobalIDString = A15164B61D898402008AEA14;
			remoteInfo = SDKFrontiOS;
		};
		A15164D71D898402008AEA14 /* PBXContainerItemProxy */ = {
			isa = PBXContainerItemProxy;
			containerPortal = A15164AF1D898402008AEA14 /* Project object */;
			proxyType = 1;
			remoteGlobalIDString = A15164B61D898402008AEA14;
			remoteInfo = SDKFrontiOS;
		};
/* End PBXContainerItemProxy section */

/* Begin PBXFileReference section */
		0092F26BADD7C6F8BBEB3A3E /* Pods_SDKFrontiOSTests.framework */ = {isa = PBXFileReference; explicitFileType = wrapper.framework; includeInIndex = 0; path = Pods_SDKFrontiOSTests.framework; sourceTree = BUILT_PRODUCTS_DIR; };
		06A79008658CD0BA3533C1B5 /* Pods-SDKFrontiOSTests.release.xcconfig */ = {isa = PBXFileReference; includeInIndex = 1; lastKnownFileType = text.xcconfig; name = "Pods-SDKFrontiOSTests.release.xcconfig"; path = "Pods/Target Support Files/Pods-SDKFrontiOSTests/Pods-SDKFrontiOSTests.release.xcconfig"; sourceTree = "<group>"; };
		1A2547668D66FA2921D9668F /* Pods-SDKFrontiOSUITests.release.xcconfig */ = {isa = PBXFileReference; includeInIndex = 1; lastKnownFileType = text.xcconfig; name = "Pods-SDKFrontiOSUITests.release.xcconfig"; path = "Pods/Target Support Files/Pods-SDKFrontiOSUITests/Pods-SDKFrontiOSUITests.release.xcconfig"; sourceTree = "<group>"; };
		3258C85B1D9D11BD00D61062 /* cards.json */ = {isa = PBXFileReference; fileEncoding = 4; lastKnownFileType = text.json; path = cards.json; sourceTree = "<group>"; };
		328E27731D9AB42200FF439A /* CuriosityView.swift */ = {isa = PBXFileReference; fileEncoding = 4; lastKnownFileType = sourcecode.swift; path = CuriosityView.swift; sourceTree = "<group>"; };
		328E27771D9AB43400FF439A /* CuriosityView.xib */ = {isa = PBXFileReference; fileEncoding = 4; lastKnownFileType = file.xib; path = CuriosityView.xib; sourceTree = "<group>"; };
		328EAC1A1D9BBF3800A4042F /* CarouselViewType.swift */ = {isa = PBXFileReference; fileEncoding = 4; lastKnownFileType = sourcecode.swift; path = CarouselViewType.swift; sourceTree = "<group>"; };
		328EAC1F1D9C075100A4042F /* CarouselCellData.swift */ = {isa = PBXFileReference; fileEncoding = 4; lastKnownFileType = sourcecode.swift; path = CarouselCellData.swift; sourceTree = "<group>"; };
		328EAC231D9C0F5400A4042F /* CarouselLogic.swift */ = {isa = PBXFileReference; fileEncoding = 4; lastKnownFileType = sourcecode.swift; path = CarouselLogic.swift; sourceTree = "<group>"; };
		329670C81D9A70DD003674D8 /* Carousel.swift */ = {isa = PBXFileReference; fileEncoding = 4; lastKnownFileType = sourcecode.swift; path = Carousel.swift; sourceTree = "<group>"; };
		329670C91D9A70DD003674D8 /* Carousel.xib */ = {isa = PBXFileReference; fileEncoding = 4; lastKnownFileType = file.xib; path = Carousel.xib; sourceTree = "<group>"; };
		329670DE1D9A7D0A003674D8 /* PhotoAndTitleView.xib */ = {isa = PBXFileReference; fileEncoding = 4; lastKnownFileType = file.xib; path = PhotoAndTitleView.xib; sourceTree = "<group>"; };
		329670E21D9A7DE0003674D8 /* PhotoAndTitleView.swift */ = {isa = PBXFileReference; fileEncoding = 4; lastKnownFileType = sourcecode.swift; path = PhotoAndTitleView.swift; sourceTree = "<group>"; };
		329670EA1D9A8157003674D8 /* CarouselView.swift */ = {isa = PBXFileReference; fileEncoding = 4; lastKnownFileType = sourcecode.swift; path = CarouselView.swift; sourceTree = "<group>"; };
		329670F21D9A84DB003674D8 /* CarouselCell.swift */ = {isa = PBXFileReference; fileEncoding = 4; lastKnownFileType = sourcecode.swift; path = CarouselCell.swift; sourceTree = "<group>"; };
		329670F31D9A84DB003674D8 /* CarouselCell.xib */ = {isa = PBXFileReference; fileEncoding = 4; lastKnownFileType = file.xib; path = CarouselCell.xib; sourceTree = "<group>"; };
		3F85C40EA2C1B79B69491BDE /* Pods_SDKFrontiOS.framework */ = {isa = PBXFileReference; explicitFileType = wrapper.framework; includeInIndex = 0; path = Pods_SDKFrontiOS.framework; sourceTree = BUILT_PRODUCTS_DIR; };
		5AB6C73B8104C236AA0D61D1 /* Pods-SDKFrontiOSTests.debug.xcconfig */ = {isa = PBXFileReference; includeInIndex = 1; lastKnownFileType = text.xcconfig; name = "Pods-SDKFrontiOSTests.debug.xcconfig"; path = "Pods/Target Support Files/Pods-SDKFrontiOSTests/Pods-SDKFrontiOSTests.debug.xcconfig"; sourceTree = "<group>"; };
		6D262B641DA9641700779B57 /* AwardModule.swift */ = {isa = PBXFileReference; fileEncoding = 4; lastKnownFileType = sourcecode.swift; path = AwardModule.swift; sourceTree = "<group>"; };
		6D262B651DA9641700779B57 /* AwardModule.xib */ = {isa = PBXFileReference; fileEncoding = 4; lastKnownFileType = file.xib; path = AwardModule.xib; sourceTree = "<group>"; };
		6D262B681DA9641700779B57 /* Base */ = {isa = PBXFileReference; lastKnownFileType = file.storyboard; name = Base; path = LaunchScreen.storyboard; sourceTree = "<group>"; };
		6D262B6A1DA9641700779B57 /* Base */ = {isa = PBXFileReference; lastKnownFileType = file.storyboard; name = Base; path = Main.storyboard; sourceTree = "<group>"; };
		6D262B6B1DA9641700779B57 /* config1.json */ = {isa = PBXFileReference; fileEncoding = 4; lastKnownFileType = text.json; path = config1.json; sourceTree = "<group>"; };
		6D262B6C1DA9641700779B57 /* ConfigModule.swift */ = {isa = PBXFileReference; fileEncoding = 4; lastKnownFileType = sourcecode.swift; path = ConfigModule.swift; sourceTree = "<group>"; };
		6D262B6D1DA9641700779B57 /* customValidator.json */ = {isa = PBXFileReference; fileEncoding = 4; lastKnownFileType = text.json; path = customValidator.json; sourceTree = "<group>"; };
		6D262B6E1DA9641700779B57 /* DirectorModule.swift */ = {isa = PBXFileReference; fileEncoding = 4; lastKnownFileType = sourcecode.swift; path = DirectorModule.swift; sourceTree = "<group>"; };
		6D262B6F1DA9641700779B57 /* DirectorModule.xib */ = {isa = PBXFileReference; fileEncoding = 4; lastKnownFileType = file.xib; path = DirectorModule.xib; sourceTree = "<group>"; };
		6D262B701DA9641700779B57 /* ModuleValidator.swift */ = {isa = PBXFileReference; fileEncoding = 4; lastKnownFileType = sourcecode.swift; path = ModuleValidator.swift; sourceTree = "<group>"; };
		6D262B711DA9641700779B57 /* NavigationModule.swift */ = {isa = PBXFileReference; fileEncoding = 4; lastKnownFileType = sourcecode.swift; path = NavigationModule.swift; sourceTree = "<group>"; };
		6D262B721DA9641700779B57 /* NavigationModule.xib */ = {isa = PBXFileReference; fileEncoding = 4; lastKnownFileType = file.xib; path = NavigationModule.xib; sourceTree = "<group>"; };
		6D262B731DA9641700779B57 /* ProductModule.swift */ = {isa = PBXFileReference; fileEncoding = 4; lastKnownFileType = sourcecode.swift; path = ProductModule.swift; sourceTree = "<group>"; };
		6D262B741DA9641700779B57 /* ProductModule.xib */ = {isa = PBXFileReference; fileEncoding = 4; lastKnownFileType = file.xib; path = ProductModule.xib; sourceTree = "<group>"; };
		6D262B751DA9641700779B57 /* RatingModule.swift */ = {isa = PBXFileReference; fileEncoding = 4; lastKnownFileType = sourcecode.swift; path = RatingModule.swift; sourceTree = "<group>"; };
		6D262B761DA9641700779B57 /* RatingModule.xib */ = {isa = PBXFileReference; fileEncoding = 4; lastKnownFileType = file.xib; path = RatingModule.xib; sourceTree = "<group>"; };
		6D262B771DA9641700779B57 /* Section.xib */ = {isa = PBXFileReference; fileEncoding = 4; lastKnownFileType = file.xib; path = Section.xib; sourceTree = "<group>"; };
		6D262B781DA9641700779B57 /* SynopsisModule.swift */ = {isa = PBXFileReference; fileEncoding = 4; lastKnownFileType = sourcecode.swift; path = SynopsisModule.swift; sourceTree = "<group>"; };
		6D262B791DA9641700779B57 /* SynopsisModule.xib */ = {isa = PBXFileReference; fileEncoding = 4; lastKnownFileType = file.xib; path = SynopsisModule.xib; sourceTree = "<group>"; };
		6D262B7A1DA9641700779B57 /* TabModule.swift */ = {isa = PBXFileReference; fileEncoding = 4; lastKnownFileType = sourcecode.swift; path = TabModule.swift; sourceTree = "<group>"; };
		6D262B7B1DA9641700779B57 /* TabModule.xib */ = {isa = PBXFileReference; fileEncoding = 4; lastKnownFileType = file.xib; path = TabModule.xib; sourceTree = "<group>"; };
		6D262B7C1DA9641700779B57 /* Target.swift */ = {isa = PBXFileReference; fileEncoding = 4; lastKnownFileType = sourcecode.swift; path = Target.swift; sourceTree = "<group>"; };
		6D262B7D1DA9641700779B57 /* TitleModule.swift */ = {isa = PBXFileReference; fileEncoding = 4; lastKnownFileType = sourcecode.swift; path = TitleModule.swift; sourceTree = "<group>"; };
		6D262B7E1DA9641700779B57 /* TitleModule.xib */ = {isa = PBXFileReference; fileEncoding = 4; lastKnownFileType = file.xib; path = TitleModule.xib; sourceTree = "<group>"; };
		6D763BF81D916590007B3E6C /* SceneManager.swift */ = {isa = PBXFileReference; fileEncoding = 4; lastKnownFileType = sourcecode.swift; path = SceneManager.swift; sourceTree = "<group>"; };
		6D763C001D916604007B3E6C /* CarouselCard.swift */ = {isa = PBXFileReference; fileEncoding = 4; lastKnownFileType = sourcecode.swift; path = CarouselCard.swift; sourceTree = "<group>"; };
		6D763C041D916617007B3E6C /* RelationData.swift */ = {isa = PBXFileReference; fileEncoding = 4; lastKnownFileType = sourcecode.swift; path = RelationData.swift; sourceTree = "<group>"; };
		6DE011D81D9D2F6800279CDA /* GrouppableTree.swift */ = {isa = PBXFileReference; fileEncoding = 4; lastKnownFileType = sourcecode.swift; path = GrouppableTree.swift; sourceTree = "<group>"; };
		6DE011DD1D9E8AF800279CDA /* CarruselErrors.swift */ = {isa = PBXFileReference; fileEncoding = 4; lastKnownFileType = sourcecode.swift; path = CarruselErrors.swift; sourceTree = "<group>"; };
		6DE011E21D9E96D800279CDA /* Validatable.swift */ = {isa = PBXFileReference; fileEncoding = 4; lastKnownFileType = sourcecode.swift; path = Validatable.swift; sourceTree = "<group>"; };
		6DE011E61D9FCFBC00279CDA /* groupabletree.json */ = {isa = PBXFileReference; fileEncoding = 4; lastKnownFileType = text.json; path = groupabletree.json; sourceTree = "<group>"; };
		7B2323C59FED48C332BB3B4C /* Pods-SDKFrontiOS.release.xcconfig */ = {isa = PBXFileReference; includeInIndex = 1; lastKnownFileType = text.xcconfig; name = "Pods-SDKFrontiOS.release.xcconfig"; path = "Pods/Target Support Files/Pods-SDKFrontiOS/Pods-SDKFrontiOS.release.xcconfig"; sourceTree = "<group>"; };
		8DA2EA1464E2AC606C5E483C /* Pods_SDKFrontiOSUITests.framework */ = {isa = PBXFileReference; explicitFileType = wrapper.framework; includeInIndex = 0; path = Pods_SDKFrontiOSUITests.framework; sourceTree = BUILT_PRODUCTS_DIR; };
		A15164B71D898402008AEA14 /* SDKFrontiOS.app */ = {isa = PBXFileReference; explicitFileType = wrapper.application; includeInIndex = 0; path = SDKFrontiOS.app; sourceTree = BUILT_PRODUCTS_DIR; };
		A15164BA1D898402008AEA14 /* AppDelegate.swift */ = {isa = PBXFileReference; lastKnownFileType = sourcecode.swift; path = AppDelegate.swift; sourceTree = "<group>"; };
		A15164BC1D898402008AEA14 /* ViewController.swift */ = {isa = PBXFileReference; lastKnownFileType = sourcecode.swift; path = ViewController.swift; sourceTree = "<group>"; };
		A15164BF1D898402008AEA14 /* Base */ = {isa = PBXFileReference; lastKnownFileType = file.storyboard; name = Base; path = Base.lproj/Main.storyboard; sourceTree = "<group>"; };
		A15164C11D898402008AEA14 /* Assets.xcassets */ = {isa = PBXFileReference; lastKnownFileType = folder.assetcatalog; path = Assets.xcassets; sourceTree = "<group>"; };
		A15164C41D898402008AEA14 /* Base */ = {isa = PBXFileReference; lastKnownFileType = file.storyboard; name = Base; path = Base.lproj/LaunchScreen.storyboard; sourceTree = "<group>"; };
		A15164C61D898402008AEA14 /* Info.plist */ = {isa = PBXFileReference; lastKnownFileType = text.plist.xml; path = Info.plist; sourceTree = "<group>"; };
		A15164CB1D898402008AEA14 /* SDKFrontiOSTests.xctest */ = {isa = PBXFileReference; explicitFileType = wrapper.cfbundle; includeInIndex = 0; path = SDKFrontiOSTests.xctest; sourceTree = BUILT_PRODUCTS_DIR; };
		A15164CF1D898402008AEA14 /* SDKFrontiOSTests.swift */ = {isa = PBXFileReference; lastKnownFileType = sourcecode.swift; path = SDKFrontiOSTests.swift; sourceTree = "<group>"; };
		A15164D11D898402008AEA14 /* Info.plist */ = {isa = PBXFileReference; lastKnownFileType = text.plist.xml; path = Info.plist; sourceTree = "<group>"; };
		A15164D61D898402008AEA14 /* SDKFrontiOSUITests.xctest */ = {isa = PBXFileReference; explicitFileType = wrapper.cfbundle; includeInIndex = 0; path = SDKFrontiOSUITests.xctest; sourceTree = BUILT_PRODUCTS_DIR; };
		A15164DA1D898402008AEA14 /* SDKFrontiOSUITests.swift */ = {isa = PBXFileReference; lastKnownFileType = sourcecode.swift; path = SDKFrontiOSUITests.swift; sourceTree = "<group>"; };
		A15164DC1D898402008AEA14 /* Info.plist */ = {isa = PBXFileReference; lastKnownFileType = text.plist.xml; path = Info.plist; sourceTree = "<group>"; };
		A15164EF1D898507008AEA14 /* TypeOfCard.swift */ = {isa = PBXFileReference; fileEncoding = 4; lastKnownFileType = sourcecode.swift; path = TypeOfCard.swift; sourceTree = "<group>"; };
		A15164FC1D89851C008AEA14 /* Module.swift */ = {isa = PBXFileReference; fileEncoding = 4; lastKnownFileType = sourcecode.swift; path = Module.swift; sourceTree = "<group>"; };
		A15164FD1D89851C008AEA14 /* PhotoModule.swift */ = {isa = PBXFileReference; fileEncoding = 4; lastKnownFileType = sourcecode.swift; path = PhotoModule.swift; sourceTree = "<group>"; };
		A15164FE1D89851C008AEA14 /* PhotoModule.xib */ = {isa = PBXFileReference; fileEncoding = 4; lastKnownFileType = file.xib; path = PhotoModule.xib; sourceTree = "<group>"; };
		A15165081D89852E008AEA14 /* BaseCardDetailBuilder.swift */ = {isa = PBXFileReference; fileEncoding = 4; lastKnownFileType = sourcecode.swift; path = BaseCardDetailBuilder.swift; sourceTree = "<group>"; };
		A15165091D89852E008AEA14 /* CardData.swift */ = {isa = PBXFileReference; fileEncoding = 4; lastKnownFileType = sourcecode.swift; path = CardData.swift; sourceTree = "<group>"; };
		A151650A1D89852E008AEA14 /* CardDataCarousel.swift */ = {isa = PBXFileReference; fileEncoding = 4; lastKnownFileType = sourcecode.swift; path = CardDataCarousel.swift; sourceTree = "<group>"; };
		A151650B1D89852E008AEA14 /* CardDetail.swift */ = {isa = PBXFileReference; fileEncoding = 4; lastKnownFileType = sourcecode.swift; path = CardDetail.swift; sourceTree = "<group>"; };
		A151650C1D89852E008AEA14 /* CardDetailBuilder.swift */ = {isa = PBXFileReference; fileEncoding = 4; lastKnownFileType = sourcecode.swift; path = CardDetailBuilder.swift; sourceTree = "<group>"; };
		A151650D1D89852E008AEA14 /* CardDetailJson.swift */ = {isa = PBXFileReference; fileEncoding = 4; lastKnownFileType = sourcecode.swift; path = CardDetailJson.swift; sourceTree = "<group>"; };
		A151650E1D89852E008AEA14 /* ConfigSection.swift */ = {isa = PBXFileReference; fileEncoding = 4; lastKnownFileType = sourcecode.swift; path = ConfigSection.swift; sourceTree = "<group>"; };
		A151650F1D89852E008AEA14 /* Section.swift */ = {isa = PBXFileReference; fileEncoding = 4; lastKnownFileType = sourcecode.swift; path = Section.swift; sourceTree = "<group>"; };
		AEABBF57AAD4050B83453C21 /* Pods-SDKFrontiOSUITests.debug.xcconfig */ = {isa = PBXFileReference; includeInIndex = 1; lastKnownFileType = text.xcconfig; name = "Pods-SDKFrontiOSUITests.debug.xcconfig"; path = "Pods/Target Support Files/Pods-SDKFrontiOSUITests/Pods-SDKFrontiOSUITests.debug.xcconfig"; sourceTree = "<group>"; };
		B8772F96BE5E1DAD5227F167 /* Pods-SDKFrontiOS.debug.xcconfig */ = {isa = PBXFileReference; includeInIndex = 1; lastKnownFileType = text.xcconfig; name = "Pods-SDKFrontiOS.debug.xcconfig"; path = "Pods/Target Support Files/Pods-SDKFrontiOS/Pods-SDKFrontiOS.debug.xcconfig"; sourceTree = "<group>"; };
/* End PBXFileReference section */

/* Begin PBXFrameworksBuildPhase section */
		A15164B41D898402008AEA14 /* Frameworks */ = {
			isa = PBXFrameworksBuildPhase;
			buildActionMask = 2147483647;
			files = (
				62B091B75B6E0C250433BC83 /* Pods_SDKFrontiOS.framework in Frameworks */,
			);
			runOnlyForDeploymentPostprocessing = 0;
		};
		A15164C81D898402008AEA14 /* Frameworks */ = {
			isa = PBXFrameworksBuildPhase;
			buildActionMask = 2147483647;
			files = (
				7EB5EDCD58301A9A539735FB /* Pods_SDKFrontiOSTests.framework in Frameworks */,
			);
			runOnlyForDeploymentPostprocessing = 0;
		};
		A15164D31D898402008AEA14 /* Frameworks */ = {
			isa = PBXFrameworksBuildPhase;
			buildActionMask = 2147483647;
			files = (
				B7A2F8F6C78E941A0C77973A /* Pods_SDKFrontiOSUITests.framework in Frameworks */,
			);
			runOnlyForDeploymentPostprocessing = 0;
		};
/* End PBXFrameworksBuildPhase section */

/* Begin PBXGroup section */
		3258C85A1D9D11A300D61062 /* Json */ = {
			isa = PBXGroup;
			children = (
				6D262B6B1DA9641700779B57 /* config1.json */,
				6D262B6D1DA9641700779B57 /* customValidator.json */,
				6DE011E61D9FCFBC00279CDA /* groupabletree.json */,
				3258C85B1D9D11BD00D61062 /* cards.json */,
			);
			name = Json;
			sourceTree = "<group>";
		};
		328EAC1E1D9BD6B600A4042F /* Data */ = {
			isa = PBXGroup;
			children = (
				A15165091D89852E008AEA14 /* CardData.swift */,
				6D763C001D916604007B3E6C /* CarouselCard.swift */,
				6D763C041D916617007B3E6C /* RelationData.swift */,
				328EAC1F1D9C075100A4042F /* CarouselCellData.swift */,
				6DE011D81D9D2F6800279CDA /* GrouppableTree.swift */,
			);
			name = Data;
			sourceTree = "<group>";
		};
		329670D01D9A74A2003674D8 /* Cells */ = {
			isa = PBXGroup;
			children = (
				329670F21D9A84DB003674D8 /* CarouselCell.swift */,
				329670F31D9A84DB003674D8 /* CarouselCell.xib */,
			);
			name = Cells;
			sourceTree = "<group>";
		};
		329670DD1D9A7CE0003674D8 /* Views */ = {
			isa = PBXGroup;
			children = (
				329670EA1D9A8157003674D8 /* CarouselView.swift */,
				329670DE1D9A7D0A003674D8 /* PhotoAndTitleView.xib */,
				329670E21D9A7DE0003674D8 /* PhotoAndTitleView.swift */,
				328E27731D9AB42200FF439A /* CuriosityView.swift */,
				328E27771D9AB43400FF439A /* CuriosityView.xib */,
			);
			name = Views;
			sourceTree = "<group>";
		};
		6D262B661DA9641700779B57 /* Base.lproj */ = {
			isa = PBXGroup;
			children = (
				6D262B671DA9641700779B57 /* LaunchScreen.storyboard */,
				6D262B691DA9641700779B57 /* Main.storyboard */,
			);
			path = Base.lproj;
			sourceTree = "<group>";
		};
		6D763BEF1D915E63007B3E6C /* Carousel */ = {
			isa = PBXGroup;
			children = (
				328EAC1E1D9BD6B600A4042F /* Data */,
				329670DD1D9A7CE0003674D8 /* Views */,
				329670D01D9A74A2003674D8 /* Cells */,
				329670C81D9A70DD003674D8 /* Carousel.swift */,
				329670C91D9A70DD003674D8 /* Carousel.xib */,
				6D763BF81D916590007B3E6C /* SceneManager.swift */,
				328EAC231D9C0F5400A4042F /* CarouselLogic.swift */,
			);
			name = Carousel;
			sourceTree = "<group>";
		};
		6DE011DC1D9E8AD900279CDA /* ErrorHandling */ = {
			isa = PBXGroup;
			children = (
				6DE011DD1D9E8AF800279CDA /* CarruselErrors.swift */,
			);
			name = ErrorHandling;
			sourceTree = "<group>";
		};
		6DE011E11D9E968E00279CDA /* Protocols */ = {
			isa = PBXGroup;
			children = (
				6DE011E21D9E96D800279CDA /* Validatable.swift */,
			);
			name = Protocols;
			sourceTree = "<group>";
		};
		A15164AE1D898402008AEA14 = {
			isa = PBXGroup;
			children = (
				A15164B91D898402008AEA14 /* SDKFrontiOS */,
				A15164CE1D898402008AEA14 /* SDKFrontiOSTests */,
				A15164D91D898402008AEA14 /* SDKFrontiOSUITests */,
				A15164B81D898402008AEA14 /* Products */,
				CE71B7D156362772ECDA3984 /* Pods */,
				EFC0A425240C8DE780BC172C /* Frameworks */,
			);
			sourceTree = "<group>";
		};
		A15164B81D898402008AEA14 /* Products */ = {
			isa = PBXGroup;
			children = (
				A15164B71D898402008AEA14 /* SDKFrontiOS.app */,
				A15164CB1D898402008AEA14 /* SDKFrontiOSTests.xctest */,
				A15164D61D898402008AEA14 /* SDKFrontiOSUITests.xctest */,
			);
			name = Products;
			sourceTree = "<group>";
		};
		A15164B91D898402008AEA14 /* SDKFrontiOS */ = {
			isa = PBXGroup;
			children = (
				6D262B661DA9641700779B57 /* Base.lproj */,
				6DE011E11D9E968E00279CDA /* Protocols */,
				6DE011DC1D9E8AD900279CDA /* ErrorHandling */,
				3258C85A1D9D11A300D61062 /* Json */,
				A15164EA1D898474008AEA14 /* Enum */,
				6D763BEF1D915E63007B3E6C /* Carousel */,
				A15164E91D898441008AEA14 /* CardDetail */,
				A15164BA1D898402008AEA14 /* AppDelegate.swift */,
				A15164BC1D898402008AEA14 /* ViewController.swift */,
				A15164BE1D898402008AEA14 /* Main.storyboard */,
				A15164C11D898402008AEA14 /* Assets.xcassets */,
				A15164C31D898402008AEA14 /* LaunchScreen.storyboard */,
				A15164C61D898402008AEA14 /* Info.plist */,
			);
			path = SDKFrontiOS;
			sourceTree = "<group>";
		};
		A15164CE1D898402008AEA14 /* SDKFrontiOSTests */ = {
			isa = PBXGroup;
			children = (
				A15164CF1D898402008AEA14 /* SDKFrontiOSTests.swift */,
				A15164D11D898402008AEA14 /* Info.plist */,
			);
			path = SDKFrontiOSTests;
			sourceTree = "<group>";
		};
		A15164D91D898402008AEA14 /* SDKFrontiOSUITests */ = {
			isa = PBXGroup;
			children = (
				A15164DA1D898402008AEA14 /* SDKFrontiOSUITests.swift */,
				A15164DC1D898402008AEA14 /* Info.plist */,
			);
			path = SDKFrontiOSUITests;
			sourceTree = "<group>";
		};
		A15164E91D898441008AEA14 /* CardDetail */ = {
			isa = PBXGroup;
			children = (
				6D262B6C1DA9641700779B57 /* ConfigModule.swift */,
				6D262B701DA9641700779B57 /* ModuleValidator.swift */,
				6D262B771DA9641700779B57 /* Section.xib */,
				6D262B7C1DA9641700779B57 /* Target.swift */,
				A15164EB1D89847D008AEA14 /* Modules */,
				A15165081D89852E008AEA14 /* BaseCardDetailBuilder.swift */,
				A151650A1D89852E008AEA14 /* CardDataCarousel.swift */,
				A151650B1D89852E008AEA14 /* CardDetail.swift */,
				A151650C1D89852E008AEA14 /* CardDetailBuilder.swift */,
				A151650D1D89852E008AEA14 /* CardDetailJson.swift */,
				A151650E1D89852E008AEA14 /* ConfigSection.swift */,
				A151650F1D89852E008AEA14 /* Section.swift */,
			);
			name = CardDetail;
			sourceTree = "<group>";
		};
		A15164EA1D898474008AEA14 /* Enum */ = {
			isa = PBXGroup;
			children = (
				A15164EF1D898507008AEA14 /* TypeOfCard.swift */,
				328EAC1A1D9BBF3800A4042F /* CarouselViewType.swift */,
			);
			name = Enum;
			sourceTree = "<group>";
		};
		A15164EB1D89847D008AEA14 /* Modules */ = {
			isa = PBXGroup;
			children = (
				6D262B7D1DA9641700779B57 /* TitleModule.swift */,
				6D262B7E1DA9641700779B57 /* TitleModule.xib */,
				6D262B781DA9641700779B57 /* SynopsisModule.swift */,
				6D262B791DA9641700779B57 /* SynopsisModule.xib */,
				6D262B7A1DA9641700779B57 /* TabModule.swift */,
				6D262B7B1DA9641700779B57 /* TabModule.xib */,
				6D262B6E1DA9641700779B57 /* DirectorModule.swift */,
				6D262B6F1DA9641700779B57 /* DirectorModule.xib */,
				6D262B711DA9641700779B57 /* NavigationModule.swift */,
				6D262B721DA9641700779B57 /* NavigationModule.xib */,
				6D262B731DA9641700779B57 /* ProductModule.swift */,
				6D262B741DA9641700779B57 /* ProductModule.xib */,
				6D262B751DA9641700779B57 /* RatingModule.swift */,
				6D262B761DA9641700779B57 /* RatingModule.xib */,
				6D262B641DA9641700779B57 /* AwardModule.swift */,
				6D262B651DA9641700779B57 /* AwardModule.xib */,
				A15164FC1D89851C008AEA14 /* Module.swift */,
				A15164FD1D89851C008AEA14 /* PhotoModule.swift */,
				A15164FE1D89851C008AEA14 /* PhotoModule.xib */,
			);
			name = Modules;
			sourceTree = "<group>";
		};
		CE71B7D156362772ECDA3984 /* Pods */ = {
			isa = PBXGroup;
			children = (
				B8772F96BE5E1DAD5227F167 /* Pods-SDKFrontiOS.debug.xcconfig */,
				7B2323C59FED48C332BB3B4C /* Pods-SDKFrontiOS.release.xcconfig */,
				5AB6C73B8104C236AA0D61D1 /* Pods-SDKFrontiOSTests.debug.xcconfig */,
				06A79008658CD0BA3533C1B5 /* Pods-SDKFrontiOSTests.release.xcconfig */,
				AEABBF57AAD4050B83453C21 /* Pods-SDKFrontiOSUITests.debug.xcconfig */,
				1A2547668D66FA2921D9668F /* Pods-SDKFrontiOSUITests.release.xcconfig */,
			);
			name = Pods;
			sourceTree = "<group>";
		};
		EFC0A425240C8DE780BC172C /* Frameworks */ = {
			isa = PBXGroup;
			children = (
				3F85C40EA2C1B79B69491BDE /* Pods_SDKFrontiOS.framework */,
				0092F26BADD7C6F8BBEB3A3E /* Pods_SDKFrontiOSTests.framework */,
				8DA2EA1464E2AC606C5E483C /* Pods_SDKFrontiOSUITests.framework */,
			);
			name = Frameworks;
			sourceTree = "<group>";
		};
/* End PBXGroup section */

/* Begin PBXNativeTarget section */
		A15164B61D898402008AEA14 /* SDKFrontiOS */ = {
			isa = PBXNativeTarget;
			buildConfigurationList = A15164DF1D898402008AEA14 /* Build configuration list for PBXNativeTarget "SDKFrontiOS" */;
			buildPhases = (
				50E8C0DCA324A53A8D0BD986 /* [CP] Check Pods Manifest.lock */,
				A15164B31D898402008AEA14 /* Sources */,
				A15164B41D898402008AEA14 /* Frameworks */,
				A15164B51D898402008AEA14 /* Resources */,
				E25ACB4A95DEC3F3B664FBF7 /* [CP] Embed Pods Frameworks */,
				6F805CF1CBD8BC7A00F8DC7F /* [CP] Copy Pods Resources */,
			);
			buildRules = (
			);
			dependencies = (
			);
			name = SDKFrontiOS;
			productName = SDKFrontiOS;
			productReference = A15164B71D898402008AEA14 /* SDKFrontiOS.app */;
			productType = "com.apple.product-type.application";
		};
		A15164CA1D898402008AEA14 /* SDKFrontiOSTests */ = {
			isa = PBXNativeTarget;
			buildConfigurationList = A15164E21D898402008AEA14 /* Build configuration list for PBXNativeTarget "SDKFrontiOSTests" */;
			buildPhases = (
				28BB2C057E2487FE2E8C4D75 /* [CP] Check Pods Manifest.lock */,
				A15164C71D898402008AEA14 /* Sources */,
				A15164C81D898402008AEA14 /* Frameworks */,
				A15164C91D898402008AEA14 /* Resources */,
				ECCA813D6C67193AF1067D6F /* [CP] Embed Pods Frameworks */,
				D1A0E57B2FA79EF31ECC4047 /* [CP] Copy Pods Resources */,
			);
			buildRules = (
			);
			dependencies = (
				A15164CD1D898402008AEA14 /* PBXTargetDependency */,
			);
			name = SDKFrontiOSTests;
			productName = SDKFrontiOSTests;
			productReference = A15164CB1D898402008AEA14 /* SDKFrontiOSTests.xctest */;
			productType = "com.apple.product-type.bundle.unit-test";
		};
		A15164D51D898402008AEA14 /* SDKFrontiOSUITests */ = {
			isa = PBXNativeTarget;
			buildConfigurationList = A15164E51D898402008AEA14 /* Build configuration list for PBXNativeTarget "SDKFrontiOSUITests" */;
			buildPhases = (
				9E91A61E964CFADB69E6E802 /* [CP] Check Pods Manifest.lock */,
				A15164D21D898402008AEA14 /* Sources */,
				A15164D31D898402008AEA14 /* Frameworks */,
				A15164D41D898402008AEA14 /* Resources */,
				0EE8A20BA6AED9B846C689EE /* [CP] Copy Pods Resources */,
			);
			buildRules = (
			);
			dependencies = (
				A15164D81D898402008AEA14 /* PBXTargetDependency */,
			);
			name = SDKFrontiOSUITests;
			productName = SDKFrontiOSUITests;
			productReference = A15164D61D898402008AEA14 /* SDKFrontiOSUITests.xctest */;
			productType = "com.apple.product-type.bundle.ui-testing";
		};
/* End PBXNativeTarget section */

/* Begin PBXProject section */
		A15164AF1D898402008AEA14 /* Project object */ = {
			isa = PBXProject;
			attributes = {
				LastSwiftUpdateCheck = 0730;
				LastUpgradeCheck = 0730;
				ORGANIZATIONNAME = Tagsonomy;
				TargetAttributes = {
					A15164B61D898402008AEA14 = {
						CreatedOnToolsVersion = 7.3;
					};
					A15164CA1D898402008AEA14 = {
						CreatedOnToolsVersion = 7.3;
						TestTargetID = A15164B61D898402008AEA14;
					};
					A15164D51D898402008AEA14 = {
						CreatedOnToolsVersion = 7.3;
						TestTargetID = A15164B61D898402008AEA14;
					};
				};
			};
			buildConfigurationList = A15164B21D898402008AEA14 /* Build configuration list for PBXProject "SDKFrontiOS" */;
			compatibilityVersion = "Xcode 3.2";
			developmentRegion = English;
			hasScannedForEncodings = 0;
			knownRegions = (
				en,
				Base,
			);
			mainGroup = A15164AE1D898402008AEA14;
			productRefGroup = A15164B81D898402008AEA14 /* Products */;
			projectDirPath = "";
			projectRoot = "";
			targets = (
				A15164B61D898402008AEA14 /* SDKFrontiOS */,
				A15164CA1D898402008AEA14 /* SDKFrontiOSTests */,
				A15164D51D898402008AEA14 /* SDKFrontiOSUITests */,
			);
		};
/* End PBXProject section */

/* Begin PBXResourcesBuildPhase section */
		A15164B51D898402008AEA14 /* Resources */ = {
			isa = PBXResourcesBuildPhase;
			buildActionMask = 2147483647;
			files = (
				328E27781D9AB43400FF439A /* CuriosityView.xib in Resources */,
				6D262B8E1DA9641700779B57 /* RatingModule.xib in Resources */,
				6D262B801DA9641700779B57 /* AwardModule.xib in Resources */,
				3258C85C1D9D11BD00D61062 /* cards.json in Resources */,
				329670DF1D9A7D0A003674D8 /* PhotoAndTitleView.xib in Resources */,
				6D262B8A1DA9641700779B57 /* NavigationModule.xib in Resources */,
				A15165051D89851C008AEA14 /* PhotoModule.xib in Resources */,
				6D262B871DA9641700779B57 /* DirectorModule.xib in Resources */,
				6D262B831DA9641700779B57 /* config1.json in Resources */,
				A15164C51D898402008AEA14 /* LaunchScreen.storyboard in Resources */,
				6DE011E71D9FCFBC00279CDA /* groupabletree.json in Resources */,
				6D262B821DA9641700779B57 /* Main.storyboard in Resources */,
				6D262B961DA9641700779B57 /* TitleModule.xib in Resources */,
				329670F71D9A84DB003674D8 /* CarouselCell.xib in Resources */,
				6D262B8F1DA9641700779B57 /* Section.xib in Resources */,
				A15164C21D898402008AEA14 /* Assets.xcassets in Resources */,
				6D262B931DA9641700779B57 /* TabModule.xib in Resources */,
				6D262B8C1DA9641700779B57 /* ProductModule.xib in Resources */,
				6D262B811DA9641700779B57 /* LaunchScreen.storyboard in Resources */,
				329670CD1D9A70DD003674D8 /* Carousel.xib in Resources */,
				6D262B851DA9641700779B57 /* customValidator.json in Resources */,
				6D262B911DA9641700779B57 /* SynopsisModule.xib in Resources */,
				A15164C01D898402008AEA14 /* Main.storyboard in Resources */,
			);
			runOnlyForDeploymentPostprocessing = 0;
		};
		A15164C91D898402008AEA14 /* Resources */ = {
			isa = PBXResourcesBuildPhase;
			buildActionMask = 2147483647;
			files = (
				329670E01D9A7D0A003674D8 /* PhotoAndTitleView.xib in Resources */,
				3258C85D1D9D11BD00D61062 /* cards.json in Resources */,
				328E27791D9AB43400FF439A /* CuriosityView.xib in Resources */,
				6D262BAF1DA965A400779B57 /* config1.json in Resources */,
				A15165061D89851C008AEA14 /* PhotoModule.xib in Resources */,
				329670CE1D9A70DD003674D8 /* Carousel.xib in Resources */,
				329670F81D9A84DB003674D8 /* CarouselCell.xib in Resources */,
				6D262BB11DA965AA00779B57 /* customValidator.json in Resources */,
				6DE011E81D9FCFBC00279CDA /* groupabletree.json in Resources */,
			);
			runOnlyForDeploymentPostprocessing = 0;
		};
		A15164D41D898402008AEA14 /* Resources */ = {
			isa = PBXResourcesBuildPhase;
			buildActionMask = 2147483647;
			files = (
				329670E11D9A7D0A003674D8 /* PhotoAndTitleView.xib in Resources */,
				3258C85E1D9D11BD00D61062 /* cards.json in Resources */,
				328E277A1D9AB43400FF439A /* CuriosityView.xib in Resources */,
				6D262BB01DA965A500779B57 /* config1.json in Resources */,
				A15165071D89851C008AEA14 /* PhotoModule.xib in Resources */,
				329670CF1D9A70DD003674D8 /* Carousel.xib in Resources */,
				329670F91D9A84DB003674D8 /* CarouselCell.xib in Resources */,
				6D262BB21DA965AB00779B57 /* customValidator.json in Resources */,
				6DE011E91D9FCFBC00279CDA /* groupabletree.json in Resources */,
			);
			runOnlyForDeploymentPostprocessing = 0;
		};
/* End PBXResourcesBuildPhase section */

/* Begin PBXShellScriptBuildPhase section */
		0EE8A20BA6AED9B846C689EE /* [CP] Copy Pods Resources */ = {
			isa = PBXShellScriptBuildPhase;
			buildActionMask = 2147483647;
			files = (
			);
			inputPaths = (
			);
			name = "[CP] Copy Pods Resources";
			outputPaths = (
			);
			runOnlyForDeploymentPostprocessing = 0;
			shellPath = /bin/sh;
			shellScript = "\"${SRCROOT}/Pods/Target Support Files/Pods-SDKFrontiOSUITests/Pods-SDKFrontiOSUITests-resources.sh\"\n";
			showEnvVarsInLog = 0;
		};
		28BB2C057E2487FE2E8C4D75 /* [CP] Check Pods Manifest.lock */ = {
			isa = PBXShellScriptBuildPhase;
			buildActionMask = 2147483647;
			files = (
			);
			inputPaths = (
			);
			name = "[CP] Check Pods Manifest.lock";
			outputPaths = (
			);
			runOnlyForDeploymentPostprocessing = 0;
			shellPath = /bin/sh;
			shellScript = "diff \"${PODS_ROOT}/../Podfile.lock\" \"${PODS_ROOT}/Manifest.lock\" > /dev/null\nif [[ $? != 0 ]] ; then\n    cat << EOM\nerror: The sandbox is not in sync with the Podfile.lock. Run 'pod install' or update your CocoaPods installation.\nEOM\n    exit 1\nfi\n";
			showEnvVarsInLog = 0;
		};
		50E8C0DCA324A53A8D0BD986 /* [CP] Check Pods Manifest.lock */ = {
			isa = PBXShellScriptBuildPhase;
			buildActionMask = 2147483647;
			files = (
			);
			inputPaths = (
			);
			name = "[CP] Check Pods Manifest.lock";
			outputPaths = (
			);
			runOnlyForDeploymentPostprocessing = 0;
			shellPath = /bin/sh;
			shellScript = "diff \"${PODS_ROOT}/../Podfile.lock\" \"${PODS_ROOT}/Manifest.lock\" > /dev/null\nif [[ $? != 0 ]] ; then\n    cat << EOM\nerror: The sandbox is not in sync with the Podfile.lock. Run 'pod install' or update your CocoaPods installation.\nEOM\n    exit 1\nfi\n";
			showEnvVarsInLog = 0;
		};
		6F805CF1CBD8BC7A00F8DC7F /* [CP] Copy Pods Resources */ = {
			isa = PBXShellScriptBuildPhase;
			buildActionMask = 2147483647;
			files = (
			);
			inputPaths = (
			);
			name = "[CP] Copy Pods Resources";
			outputPaths = (
			);
			runOnlyForDeploymentPostprocessing = 0;
			shellPath = /bin/sh;
			shellScript = "\"${SRCROOT}/Pods/Target Support Files/Pods-SDKFrontiOS/Pods-SDKFrontiOS-resources.sh\"\n";
			showEnvVarsInLog = 0;
		};
		9E91A61E964CFADB69E6E802 /* [CP] Check Pods Manifest.lock */ = {
			isa = PBXShellScriptBuildPhase;
			buildActionMask = 2147483647;
			files = (
			);
			inputPaths = (
			);
			name = "[CP] Check Pods Manifest.lock";
			outputPaths = (
			);
			runOnlyForDeploymentPostprocessing = 0;
			shellPath = /bin/sh;
			shellScript = "diff \"${PODS_ROOT}/../Podfile.lock\" \"${PODS_ROOT}/Manifest.lock\" > /dev/null\nif [[ $? != 0 ]] ; then\n    cat << EOM\nerror: The sandbox is not in sync with the Podfile.lock. Run 'pod install' or update your CocoaPods installation.\nEOM\n    exit 1\nfi\n";
			showEnvVarsInLog = 0;
		};
		D1A0E57B2FA79EF31ECC4047 /* [CP] Copy Pods Resources */ = {
			isa = PBXShellScriptBuildPhase;
			buildActionMask = 2147483647;
			files = (
			);
			inputPaths = (
			);
			name = "[CP] Copy Pods Resources";
			outputPaths = (
			);
			runOnlyForDeploymentPostprocessing = 0;
			shellPath = /bin/sh;
			shellScript = "\"${SRCROOT}/Pods/Target Support Files/Pods-SDKFrontiOSTests/Pods-SDKFrontiOSTests-resources.sh\"\n";
			showEnvVarsInLog = 0;
		};
		E25ACB4A95DEC3F3B664FBF7 /* [CP] Embed Pods Frameworks */ = {
			isa = PBXShellScriptBuildPhase;
			buildActionMask = 2147483647;
			files = (
			);
			inputPaths = (
			);
			name = "[CP] Embed Pods Frameworks";
			outputPaths = (
			);
			runOnlyForDeploymentPostprocessing = 0;
			shellPath = /bin/sh;
			shellScript = "\"${SRCROOT}/Pods/Target Support Files/Pods-SDKFrontiOS/Pods-SDKFrontiOS-frameworks.sh\"\n";
			showEnvVarsInLog = 0;
		};
		ECCA813D6C67193AF1067D6F /* [CP] Embed Pods Frameworks */ = {
			isa = PBXShellScriptBuildPhase;
			buildActionMask = 2147483647;
			files = (
			);
			inputPaths = (
			);
			name = "[CP] Embed Pods Frameworks";
			outputPaths = (
			);
			runOnlyForDeploymentPostprocessing = 0;
			shellPath = /bin/sh;
			shellScript = "\"${SRCROOT}/Pods/Target Support Files/Pods-SDKFrontiOSTests/Pods-SDKFrontiOSTests-frameworks.sh\"\n";
			showEnvVarsInLog = 0;
		};
/* End PBXShellScriptBuildPhase section */

/* Begin PBXSourcesBuildPhase section */
		A15164B31D898402008AEA14 /* Sources */ = {
			isa = PBXSourcesBuildPhase;
			buildActionMask = 2147483647;
			files = (
				A15165101D89852E008AEA14 /* BaseCardDetailBuilder.swift in Sources */,
				A15164F91D898507008AEA14 /* TypeOfCard.swift in Sources */,
				329670E31D9A7DE0003674D8 /* PhotoAndTitleView.swift in Sources */,
				A151651C1D89852E008AEA14 /* CardDetailBuilder.swift in Sources */,
				6D262B951DA9641700779B57 /* TitleModule.swift in Sources */,
				329670EB1D9A8157003674D8 /* CarouselView.swift in Sources */,
				6D262B941DA9641700779B57 /* Target.swift in Sources */,
				A15165221D89852E008AEA14 /* ConfigSection.swift in Sources */,
				329670F41D9A84DB003674D8 /* CarouselCell.swift in Sources */,
				6D262B891DA9641700779B57 /* NavigationModule.swift in Sources */,
				6D763BF91D916590007B3E6C /* SceneManager.swift in Sources */,
				6DE011DE1D9E8AF800279CDA /* CarruselErrors.swift in Sources */,
				6D262B861DA9641700779B57 /* DirectorModule.swift in Sources */,
				A15164BD1D898402008AEA14 /* ViewController.swift in Sources */,
				6D262B8B1DA9641700779B57 /* ProductModule.swift in Sources */,
				6D262B901DA9641700779B57 /* SynopsisModule.swift in Sources */,
				A15165131D89852E008AEA14 /* CardData.swift in Sources */,
				A15165021D89851C008AEA14 /* PhotoModule.swift in Sources */,
				328E27741D9AB42200FF439A /* CuriosityView.swift in Sources */,
				6D262B7F1DA9641700779B57 /* AwardModule.swift in Sources */,
				A151651F1D89852E008AEA14 /* CardDetailJson.swift in Sources */,
				A15164FF1D89851C008AEA14 /* Module.swift in Sources */,
				6DE011D91D9D2F6800279CDA /* GrouppableTree.swift in Sources */,
				329670CA1D9A70DD003674D8 /* Carousel.swift in Sources */,
				328EAC241D9C0F5400A4042F /* CarouselLogic.swift in Sources */,
				6D262B921DA9641700779B57 /* TabModule.swift in Sources */,
				328EAC1B1D9BBF3800A4042F /* CarouselViewType.swift in Sources */,
				A15165191D89852E008AEA14 /* CardDetail.swift in Sources */,
				328EAC201D9C075100A4042F /* CarouselCellData.swift in Sources */,
				6D262B881DA9641700779B57 /* ModuleValidator.swift in Sources */,
				A15164BB1D898402008AEA14 /* AppDelegate.swift in Sources */,
				6D262B841DA9641700779B57 /* ConfigModule.swift in Sources */,
				6D763C051D916617007B3E6C /* RelationData.swift in Sources */,
				6DE011E31D9E96D800279CDA /* Validatable.swift in Sources */,
				6D262B8D1DA9641700779B57 /* RatingModule.swift in Sources */,
				A15165251D89852E008AEA14 /* Section.swift in Sources */,
				A15165161D89852E008AEA14 /* CardDataCarousel.swift in Sources */,
				6D763C011D916604007B3E6C /* CarouselCard.swift in Sources */,
			);
			runOnlyForDeploymentPostprocessing = 0;
		};
		A15164C71D898402008AEA14 /* Sources */ = {
			isa = PBXSourcesBuildPhase;
			buildActionMask = 2147483647;
			files = (
				A15165261D89852E008AEA14 /* Section.swift in Sources */,
				6D262B991DA9652800779B57 /* ConfigModule.swift in Sources */,
				6D262BAD1DA9659500779B57 /* AppDelegate.swift in Sources */,
				6D763C021D916604007B3E6C /* CarouselCard.swift in Sources */,
				6D262BA51DA9656C00779B57 /* NavigationModule.swift in Sources */,
				328EAC251D9C0F5400A4042F /* CarouselLogic.swift in Sources */,
				A15164D01D898402008AEA14 /* SDKFrontiOSTests.swift in Sources */,
				329670F51D9A84DB003674D8 /* CarouselCell.swift in Sources */,
				A151651A1D89852E008AEA14 /* CardDetail.swift in Sources */,
				6D262BA91DA9657800779B57 /* RatingModule.swift in Sources */,
				6D262BA11DA9655F00779B57 /* TabModule.swift in Sources */,
				329670E41D9A7DE0003674D8 /* PhotoAndTitleView.swift in Sources */,
				329670CB1D9A70DD003674D8 /* Carousel.swift in Sources */,
				6DE011DF1D9E8AF800279CDA /* CarruselErrors.swift in Sources */,
				328EAC1C1D9BBF3800A4042F /* CarouselViewType.swift in Sources */,
				6D763BFA1D916590007B3E6C /* SceneManager.swift in Sources */,
				329670EC1D9A8157003674D8 /* CarouselView.swift in Sources */,
				6DE011E41D9E96D800279CDA /* Validatable.swift in Sources */,
				A15165031D89851C008AEA14 /* PhotoModule.swift in Sources */,
				A151651D1D89852E008AEA14 /* CardDetailBuilder.swift in Sources */,
				6D262B9B1DA9654000779B57 /* Target.swift in Sources */,
				6D262BA31DA9656600779B57 /* DirectorModule.swift in Sources */,
				328EAC211D9C075100A4042F /* CarouselCellData.swift in Sources */,
				A15165111D89852E008AEA14 /* BaseCardDetailBuilder.swift in Sources */,
				A15165141D89852E008AEA14 /* CardData.swift in Sources */,
				6D262B9F1DA9655B00779B57 /* SynopsisModule.swift in Sources */,
				A15165171D89852E008AEA14 /* CardDataCarousel.swift in Sources */,
				A15164FA1D898507008AEA14 /* TypeOfCard.swift in Sources */,
				6DE011DA1D9D2F6800279CDA /* GrouppableTree.swift in Sources */,
				6D763C061D916617007B3E6C /* RelationData.swift in Sources */,
				6D262BAB1DA9657D00779B57 /* AwardModule.swift in Sources */,
				328E27751D9AB42200FF439A /* CuriosityView.swift in Sources */,
				6D262B971DA9650C00779B57 /* ModuleValidator.swift in Sources */,
				6D262BA71DA9657200779B57 /* ProductModule.swift in Sources */,
				6D262B9D1DA9655200779B57 /* TitleModule.swift in Sources */,
				A15165001D89851C008AEA14 /* Module.swift in Sources */,
				A15165201D89852E008AEA14 /* CardDetailJson.swift in Sources */,
				A15165231D89852E008AEA14 /* ConfigSection.swift in Sources */,
			);
			runOnlyForDeploymentPostprocessing = 0;
		};
		A15164D21D898402008AEA14 /* Sources */ = {
			isa = PBXSourcesBuildPhase;
			buildActionMask = 2147483647;
			files = (
				A15165271D89852E008AEA14 /* Section.swift in Sources */,
				6D262B9A1DA9652800779B57 /* ConfigModule.swift in Sources */,
				6D262BAE1DA9659500779B57 /* AppDelegate.swift in Sources */,
				6D763C031D916604007B3E6C /* CarouselCard.swift in Sources */,
				6D262BA61DA9656C00779B57 /* NavigationModule.swift in Sources */,
				328EAC261D9C0F5400A4042F /* CarouselLogic.swift in Sources */,
				A15164DB1D898402008AEA14 /* SDKFrontiOSUITests.swift in Sources */,
				329670F61D9A84DB003674D8 /* CarouselCell.swift in Sources */,
				A151651B1D89852E008AEA14 /* CardDetail.swift in Sources */,
				6D262BAA1DA9657800779B57 /* RatingModule.swift in Sources */,
				6D262BA21DA9656000779B57 /* TabModule.swift in Sources */,
				329670E51D9A7DE0003674D8 /* PhotoAndTitleView.swift in Sources */,
				329670CC1D9A70DD003674D8 /* Carousel.swift in Sources */,
				6DE011E01D9E8AF800279CDA /* CarruselErrors.swift in Sources */,
				328EAC1D1D9BBF3800A4042F /* CarouselViewType.swift in Sources */,
				6D763BFB1D916590007B3E6C /* SceneManager.swift in Sources */,
				329670ED1D9A8157003674D8 /* CarouselView.swift in Sources */,
				6DE011E51D9E96D800279CDA /* Validatable.swift in Sources */,
				A15165041D89851C008AEA14 /* PhotoModule.swift in Sources */,
				A151651E1D89852E008AEA14 /* CardDetailBuilder.swift in Sources */,
				6D262B9C1DA9654100779B57 /* Target.swift in Sources */,
				6D262BA41DA9656700779B57 /* DirectorModule.swift in Sources */,
				328EAC221D9C075100A4042F /* CarouselCellData.swift in Sources */,
				A15165121D89852E008AEA14 /* BaseCardDetailBuilder.swift in Sources */,
				A15165151D89852E008AEA14 /* CardData.swift in Sources */,
				6D262BA01DA9655B00779B57 /* SynopsisModule.swift in Sources */,
				A15165181D89852E008AEA14 /* CardDataCarousel.swift in Sources */,
				A15164FB1D898507008AEA14 /* TypeOfCard.swift in Sources */,
				6DE011DB1D9D2F6800279CDA /* GrouppableTree.swift in Sources */,
				6D763C071D916617007B3E6C /* RelationData.swift in Sources */,
				6D262BAC1DA9657D00779B57 /* AwardModule.swift in Sources */,
				328E27761D9AB42200FF439A /* CuriosityView.swift in Sources */,
				6D262B981DA9650D00779B57 /* ModuleValidator.swift in Sources */,
				6D262BA81DA9657200779B57 /* ProductModule.swift in Sources */,
				6D262B9E1DA9655200779B57 /* TitleModule.swift in Sources */,
				A15165011D89851C008AEA14 /* Module.swift in Sources */,
				A15165211D89852E008AEA14 /* CardDetailJson.swift in Sources */,
				A15165241D89852E008AEA14 /* ConfigSection.swift in Sources */,
			);
			runOnlyForDeploymentPostprocessing = 0;
		};
/* End PBXSourcesBuildPhase section */

/* Begin PBXTargetDependency section */
		A15164CD1D898402008AEA14 /* PBXTargetDependency */ = {
			isa = PBXTargetDependency;
			target = A15164B61D898402008AEA14 /* SDKFrontiOS */;
			targetProxy = A15164CC1D898402008AEA14 /* PBXContainerItemProxy */;
		};
		A15164D81D898402008AEA14 /* PBXTargetDependency */ = {
			isa = PBXTargetDependency;
			target = A15164B61D898402008AEA14 /* SDKFrontiOS */;
			targetProxy = A15164D71D898402008AEA14 /* PBXContainerItemProxy */;
		};
/* End PBXTargetDependency section */

/* Begin PBXVariantGroup section */
		6D262B671DA9641700779B57 /* LaunchScreen.storyboard */ = {
			isa = PBXVariantGroup;
			children = (
				6D262B681DA9641700779B57 /* Base */,
			);
			name = LaunchScreen.storyboard;
			sourceTree = "<group>";
		};
		6D262B691DA9641700779B57 /* Main.storyboard */ = {
			isa = PBXVariantGroup;
			children = (
				6D262B6A1DA9641700779B57 /* Base */,
			);
			name = Main.storyboard;
			sourceTree = "<group>";
		};
		A15164BE1D898402008AEA14 /* Main.storyboard */ = {
			isa = PBXVariantGroup;
			children = (
				A15164BF1D898402008AEA14 /* Base */,
			);
			name = Main.storyboard;
			sourceTree = "<group>";
		};
		A15164C31D898402008AEA14 /* LaunchScreen.storyboard */ = {
			isa = PBXVariantGroup;
			children = (
				A15164C41D898402008AEA14 /* Base */,
			);
			name = LaunchScreen.storyboard;
			sourceTree = "<group>";
		};
/* End PBXVariantGroup section */

/* Begin XCBuildConfiguration section */
		A15164DD1D898402008AEA14 /* Debug */ = {
			isa = XCBuildConfiguration;
			buildSettings = {
				ALWAYS_SEARCH_USER_PATHS = NO;
				CLANG_ANALYZER_NONNULL = YES;
				CLANG_CXX_LANGUAGE_STANDARD = "gnu++0x";
				CLANG_CXX_LIBRARY = "libc++";
				CLANG_ENABLE_MODULES = YES;
				CLANG_ENABLE_OBJC_ARC = YES;
				CLANG_WARN_BOOL_CONVERSION = YES;
				CLANG_WARN_CONSTANT_CONVERSION = YES;
				CLANG_WARN_DIRECT_OBJC_ISA_USAGE = YES_ERROR;
				CLANG_WARN_EMPTY_BODY = YES;
				CLANG_WARN_ENUM_CONVERSION = YES;
				CLANG_WARN_INT_CONVERSION = YES;
				CLANG_WARN_OBJC_ROOT_CLASS = YES_ERROR;
				CLANG_WARN_UNREACHABLE_CODE = YES;
				CLANG_WARN__DUPLICATE_METHOD_MATCH = YES;
				"CODE_SIGN_IDENTITY[sdk=iphoneos*]" = "iPhone Developer";
				COPY_PHASE_STRIP = NO;
				DEBUG_INFORMATION_FORMAT = dwarf;
				ENABLE_STRICT_OBJC_MSGSEND = YES;
				ENABLE_TESTABILITY = YES;
				GCC_C_LANGUAGE_STANDARD = gnu99;
				GCC_DYNAMIC_NO_PIC = NO;
				GCC_NO_COMMON_BLOCKS = YES;
				GCC_OPTIMIZATION_LEVEL = 0;
				GCC_PREPROCESSOR_DEFINITIONS = (
					"DEBUG=1",
					"$(inherited)",
				);
				GCC_WARN_64_TO_32_BIT_CONVERSION = YES;
				GCC_WARN_ABOUT_RETURN_TYPE = YES_ERROR;
				GCC_WARN_UNDECLARED_SELECTOR = YES;
				GCC_WARN_UNINITIALIZED_AUTOS = YES_AGGRESSIVE;
				GCC_WARN_UNUSED_FUNCTION = YES;
				GCC_WARN_UNUSED_VARIABLE = YES;
				IPHONEOS_DEPLOYMENT_TARGET = 9.3;
				MTL_ENABLE_DEBUG_INFO = YES;
				ONLY_ACTIVE_ARCH = YES;
				SDKROOT = iphoneos;
				SWIFT_OPTIMIZATION_LEVEL = "-Onone";
				TARGETED_DEVICE_FAMILY = "1,2";
			};
			name = Debug;
		};
		A15164DE1D898402008AEA14 /* Release */ = {
			isa = XCBuildConfiguration;
			buildSettings = {
				ALWAYS_SEARCH_USER_PATHS = NO;
				CLANG_ANALYZER_NONNULL = YES;
				CLANG_CXX_LANGUAGE_STANDARD = "gnu++0x";
				CLANG_CXX_LIBRARY = "libc++";
				CLANG_ENABLE_MODULES = YES;
				CLANG_ENABLE_OBJC_ARC = YES;
				CLANG_WARN_BOOL_CONVERSION = YES;
				CLANG_WARN_CONSTANT_CONVERSION = YES;
				CLANG_WARN_DIRECT_OBJC_ISA_USAGE = YES_ERROR;
				CLANG_WARN_EMPTY_BODY = YES;
				CLANG_WARN_ENUM_CONVERSION = YES;
				CLANG_WARN_INT_CONVERSION = YES;
				CLANG_WARN_OBJC_ROOT_CLASS = YES_ERROR;
				CLANG_WARN_UNREACHABLE_CODE = YES;
				CLANG_WARN__DUPLICATE_METHOD_MATCH = YES;
				"CODE_SIGN_IDENTITY[sdk=iphoneos*]" = "iPhone Developer";
				COPY_PHASE_STRIP = NO;
				DEBUG_INFORMATION_FORMAT = "dwarf-with-dsym";
				ENABLE_NS_ASSERTIONS = NO;
				ENABLE_STRICT_OBJC_MSGSEND = YES;
				GCC_C_LANGUAGE_STANDARD = gnu99;
				GCC_NO_COMMON_BLOCKS = YES;
				GCC_WARN_64_TO_32_BIT_CONVERSION = YES;
				GCC_WARN_ABOUT_RETURN_TYPE = YES_ERROR;
				GCC_WARN_UNDECLARED_SELECTOR = YES;
				GCC_WARN_UNINITIALIZED_AUTOS = YES_AGGRESSIVE;
				GCC_WARN_UNUSED_FUNCTION = YES;
				GCC_WARN_UNUSED_VARIABLE = YES;
				IPHONEOS_DEPLOYMENT_TARGET = 9.3;
				MTL_ENABLE_DEBUG_INFO = NO;
				SDKROOT = iphoneos;
				TARGETED_DEVICE_FAMILY = "1,2";
				VALIDATE_PRODUCT = YES;
			};
			name = Release;
		};
		A15164E01D898402008AEA14 /* Debug */ = {
			isa = XCBuildConfiguration;
			baseConfigurationReference = B8772F96BE5E1DAD5227F167 /* Pods-SDKFrontiOS.debug.xcconfig */;
			buildSettings = {
				ASSETCATALOG_COMPILER_APPICON_NAME = AppIcon;
				INFOPLIST_FILE = SDKFrontiOS/Info.plist;
				LD_RUNPATH_SEARCH_PATHS = "$(inherited) @executable_path/Frameworks";
				PRODUCT_BUNDLE_IDENTIFIER = com.tagsonomy.sdkfrontios.SDKFrontiOS;
				PRODUCT_NAME = "$(TARGET_NAME)";
			};
			name = Debug;
		};
		A15164E11D898402008AEA14 /* Release */ = {
			isa = XCBuildConfiguration;
			baseConfigurationReference = 7B2323C59FED48C332BB3B4C /* Pods-SDKFrontiOS.release.xcconfig */;
			buildSettings = {
				ASSETCATALOG_COMPILER_APPICON_NAME = AppIcon;
				INFOPLIST_FILE = SDKFrontiOS/Info.plist;
				LD_RUNPATH_SEARCH_PATHS = "$(inherited) @executable_path/Frameworks";
				PRODUCT_BUNDLE_IDENTIFIER = com.tagsonomy.sdkfrontios.SDKFrontiOS;
				PRODUCT_NAME = "$(TARGET_NAME)";
			};
			name = Release;
		};
		A15164E31D898402008AEA14 /* Debug */ = {
			isa = XCBuildConfiguration;
			baseConfigurationReference = 5AB6C73B8104C236AA0D61D1 /* Pods-SDKFrontiOSTests.debug.xcconfig */;
			buildSettings = {
				BUNDLE_LOADER = "$(TEST_HOST)";
				INFOPLIST_FILE = SDKFrontiOSTests/Info.plist;
				LD_RUNPATH_SEARCH_PATHS = "$(inherited) @executable_path/Frameworks @loader_path/Frameworks";
				PRODUCT_BUNDLE_IDENTIFIER = com.tagsonomy.sdkfrontios.SDKFrontiOS.SDKFrontiOSTests;
				PRODUCT_NAME = "$(TARGET_NAME)";
				TEST_HOST = "$(BUILT_PRODUCTS_DIR)/SDKFrontiOS.app/SDKFrontiOS";
			};
			name = Debug;
		};
		A15164E41D898402008AEA14 /* Release */ = {
			isa = XCBuildConfiguration;
			baseConfigurationReference = 06A79008658CD0BA3533C1B5 /* Pods-SDKFrontiOSTests.release.xcconfig */;
			buildSettings = {
				BUNDLE_LOADER = "$(TEST_HOST)";
				INFOPLIST_FILE = SDKFrontiOSTests/Info.plist;
				LD_RUNPATH_SEARCH_PATHS = "$(inherited) @executable_path/Frameworks @loader_path/Frameworks";
				PRODUCT_BUNDLE_IDENTIFIER = com.tagsonomy.sdkfrontios.SDKFrontiOS.SDKFrontiOSTests;
				PRODUCT_NAME = "$(TARGET_NAME)";
				TEST_HOST = "$(BUILT_PRODUCTS_DIR)/SDKFrontiOS.app/SDKFrontiOS";
			};
			name = Release;
		};
		A15164E61D898402008AEA14 /* Debug */ = {
			isa = XCBuildConfiguration;
			baseConfigurationReference = AEABBF57AAD4050B83453C21 /* Pods-SDKFrontiOSUITests.debug.xcconfig */;
			buildSettings = {
				INFOPLIST_FILE = SDKFrontiOSUITests/Info.plist;
				LD_RUNPATH_SEARCH_PATHS = "$(inherited) @executable_path/Frameworks @loader_path/Frameworks";
				PRODUCT_BUNDLE_IDENTIFIER = com.tagsonomy.sdkfrontios.SDKFrontiOS.SDKFrontiOSUITests;
				PRODUCT_NAME = "$(TARGET_NAME)";
				TEST_TARGET_NAME = SDKFrontiOS;
			};
			name = Debug;
		};
		A15164E71D898402008AEA14 /* Release */ = {
			isa = XCBuildConfiguration;
			baseConfigurationReference = 1A2547668D66FA2921D9668F /* Pods-SDKFrontiOSUITests.release.xcconfig */;
			buildSettings = {
				INFOPLIST_FILE = SDKFrontiOSUITests/Info.plist;
				LD_RUNPATH_SEARCH_PATHS = "$(inherited) @executable_path/Frameworks @loader_path/Frameworks";
				PRODUCT_BUNDLE_IDENTIFIER = com.tagsonomy.sdkfrontios.SDKFrontiOS.SDKFrontiOSUITests;
				PRODUCT_NAME = "$(TARGET_NAME)";
				TEST_TARGET_NAME = SDKFrontiOS;
			};
			name = Release;
		};
/* End XCBuildConfiguration section */

/* Begin XCConfigurationList section */
		A15164B21D898402008AEA14 /* Build configuration list for PBXProject "SDKFrontiOS" */ = {
			isa = XCConfigurationList;
			buildConfigurations = (
				A15164DD1D898402008AEA14 /* Debug */,
				A15164DE1D898402008AEA14 /* Release */,
			);
			defaultConfigurationIsVisible = 0;
			defaultConfigurationName = Release;
		};
		A15164DF1D898402008AEA14 /* Build configuration list for PBXNativeTarget "SDKFrontiOS" */ = {
			isa = XCConfigurationList;
			buildConfigurations = (
				A15164E01D898402008AEA14 /* Debug */,
				A15164E11D898402008AEA14 /* Release */,
			);
			defaultConfigurationIsVisible = 0;
			defaultConfigurationName = Release;
		};
		A15164E21D898402008AEA14 /* Build configuration list for PBXNativeTarget "SDKFrontiOSTests" */ = {
			isa = XCConfigurationList;
			buildConfigurations = (
				A15164E31D898402008AEA14 /* Debug */,
				A15164E41D898402008AEA14 /* Release */,
			);
			defaultConfigurationIsVisible = 0;
			defaultConfigurationName = Release;
		};
		A15164E51D898402008AEA14 /* Build configuration list for PBXNativeTarget "SDKFrontiOSUITests" */ = {
			isa = XCConfigurationList;
			buildConfigurations = (
				A15164E61D898402008AEA14 /* Debug */,
				A15164E71D898402008AEA14 /* Release */,
			);
			defaultConfigurationIsVisible = 0;
			defaultConfigurationName = Release;
		};
/* End XCConfigurationList section */
	};
	rootObject = A15164AF1D898402008AEA14 /* Project object */;
}
