// !$*UTF8*$!
{
	archiveVersion = 1;
	classes = {
	};
	objectVersion = 46;
	objects = {

/* Begin PBXBuildFile section */
		321CF0541D8ADEA90025DFE3 /* SectionViewController.xib in Resources */ = {isa = PBXBuildFile; fileRef = 321CF0531D8ADEA90025DFE3 /* SectionViewController.xib */; };
		321CF0551D8ADEA90025DFE3 /* SectionViewController.xib in Resources */ = {isa = PBXBuildFile; fileRef = 321CF0531D8ADEA90025DFE3 /* SectionViewController.xib */; };
		321CF0561D8ADEA90025DFE3 /* SectionViewController.xib in Resources */ = {isa = PBXBuildFile; fileRef = 321CF0531D8ADEA90025DFE3 /* SectionViewController.xib */; };
		62B091B75B6E0C250433BC83 /* Pods_SDKFrontiOS.framework in Frameworks */ = {isa = PBXBuildFile; fileRef = 3F85C40EA2C1B79B69491BDE /* Pods_SDKFrontiOS.framework */; };
		7EB5EDCD58301A9A539735FB /* Pods_SDKFrontiOSTests.framework in Frameworks */ = {isa = PBXBuildFile; fileRef = 0092F26BADD7C6F8BBEB3A3E /* Pods_SDKFrontiOSTests.framework */; };
		A1478FD01D8AB1DB0039C1FE /* Target.swift in Sources */ = {isa = PBXBuildFile; fileRef = A1478FCF1D8AB1DB0039C1FE /* Target.swift */; };
		A1478FD11D8AB1DB0039C1FE /* Target.swift in Sources */ = {isa = PBXBuildFile; fileRef = A1478FCF1D8AB1DB0039C1FE /* Target.swift */; };
		A1478FD21D8AB1DB0039C1FE /* Target.swift in Sources */ = {isa = PBXBuildFile; fileRef = A1478FCF1D8AB1DB0039C1FE /* Target.swift */; };
		A15164BB1D898402008AEA14 /* AppDelegate.swift in Sources */ = {isa = PBXBuildFile; fileRef = A15164BA1D898402008AEA14 /* AppDelegate.swift */; };
		A15164BD1D898402008AEA14 /* ViewController.swift in Sources */ = {isa = PBXBuildFile; fileRef = A15164BC1D898402008AEA14 /* ViewController.swift */; };
		A15164C01D898402008AEA14 /* Main.storyboard in Resources */ = {isa = PBXBuildFile; fileRef = A15164BE1D898402008AEA14 /* Main.storyboard */; };
		A15164C21D898402008AEA14 /* Assets.xcassets in Resources */ = {isa = PBXBuildFile; fileRef = A15164C11D898402008AEA14 /* Assets.xcassets */; };
		A15164C51D898402008AEA14 /* LaunchScreen.storyboard in Resources */ = {isa = PBXBuildFile; fileRef = A15164C31D898402008AEA14 /* LaunchScreen.storyboard */; };
		A15164D01D898402008AEA14 /* SDKFrontiOSTests.swift in Sources */ = {isa = PBXBuildFile; fileRef = A15164CF1D898402008AEA14 /* SDKFrontiOSTests.swift */; };
		A15164DB1D898402008AEA14 /* SDKFrontiOSUITests.swift in Sources */ = {isa = PBXBuildFile; fileRef = A15164DA1D898402008AEA14 /* SDKFrontiOSUITests.swift */; };
		A15164F01D898507008AEA14 /* JsonDataType.swift in Sources */ = {isa = PBXBuildFile; fileRef = A15164EC1D898507008AEA14 /* JsonDataType.swift */; };
		A15164F11D898507008AEA14 /* JsonDataType.swift in Sources */ = {isa = PBXBuildFile; fileRef = A15164EC1D898507008AEA14 /* JsonDataType.swift */; };
		A15164F21D898507008AEA14 /* JsonDataType.swift in Sources */ = {isa = PBXBuildFile; fileRef = A15164EC1D898507008AEA14 /* JsonDataType.swift */; };
		A15164F31D898507008AEA14 /* ModuleType.swift in Sources */ = {isa = PBXBuildFile; fileRef = A15164ED1D898507008AEA14 /* ModuleType.swift */; };
		A15164F41D898507008AEA14 /* ModuleType.swift in Sources */ = {isa = PBXBuildFile; fileRef = A15164ED1D898507008AEA14 /* ModuleType.swift */; };
		A15164F51D898507008AEA14 /* ModuleType.swift in Sources */ = {isa = PBXBuildFile; fileRef = A15164ED1D898507008AEA14 /* ModuleType.swift */; };
		A15164F61D898507008AEA14 /* NavigationType.swift in Sources */ = {isa = PBXBuildFile; fileRef = A15164EE1D898507008AEA14 /* NavigationType.swift */; };
		A15164F71D898507008AEA14 /* NavigationType.swift in Sources */ = {isa = PBXBuildFile; fileRef = A15164EE1D898507008AEA14 /* NavigationType.swift */; };
		A15164F81D898507008AEA14 /* NavigationType.swift in Sources */ = {isa = PBXBuildFile; fileRef = A15164EE1D898507008AEA14 /* NavigationType.swift */; };
		A15164F91D898507008AEA14 /* TypeOfCard.swift in Sources */ = {isa = PBXBuildFile; fileRef = A15164EF1D898507008AEA14 /* TypeOfCard.swift */; };
		A15164FA1D898507008AEA14 /* TypeOfCard.swift in Sources */ = {isa = PBXBuildFile; fileRef = A15164EF1D898507008AEA14 /* TypeOfCard.swift */; };
		A15164FB1D898507008AEA14 /* TypeOfCard.swift in Sources */ = {isa = PBXBuildFile; fileRef = A15164EF1D898507008AEA14 /* TypeOfCard.swift */; };
		A15164FF1D89851C008AEA14 /* ModuleTableViewCell.swift in Sources */ = {isa = PBXBuildFile; fileRef = A15164FC1D89851C008AEA14 /* ModuleTableViewCell.swift */; };
		A15165001D89851C008AEA14 /* ModuleTableViewCell.swift in Sources */ = {isa = PBXBuildFile; fileRef = A15164FC1D89851C008AEA14 /* ModuleTableViewCell.swift */; };
		A15165011D89851C008AEA14 /* ModuleTableViewCell.swift in Sources */ = {isa = PBXBuildFile; fileRef = A15164FC1D89851C008AEA14 /* ModuleTableViewCell.swift */; };
		A15165021D89851C008AEA14 /* PhotoModuleTableViewCell.swift in Sources */ = {isa = PBXBuildFile; fileRef = A15164FD1D89851C008AEA14 /* PhotoModuleTableViewCell.swift */; };
		A15165031D89851C008AEA14 /* PhotoModuleTableViewCell.swift in Sources */ = {isa = PBXBuildFile; fileRef = A15164FD1D89851C008AEA14 /* PhotoModuleTableViewCell.swift */; };
		A15165041D89851C008AEA14 /* PhotoModuleTableViewCell.swift in Sources */ = {isa = PBXBuildFile; fileRef = A15164FD1D89851C008AEA14 /* PhotoModuleTableViewCell.swift */; };
		A15165051D89851C008AEA14 /* PhotoModuleTableViewCell.xib in Resources */ = {isa = PBXBuildFile; fileRef = A15164FE1D89851C008AEA14 /* PhotoModuleTableViewCell.xib */; };
		A15165061D89851C008AEA14 /* PhotoModuleTableViewCell.xib in Resources */ = {isa = PBXBuildFile; fileRef = A15164FE1D89851C008AEA14 /* PhotoModuleTableViewCell.xib */; };
		A15165071D89851C008AEA14 /* PhotoModuleTableViewCell.xib in Resources */ = {isa = PBXBuildFile; fileRef = A15164FE1D89851C008AEA14 /* PhotoModuleTableViewCell.xib */; };
		A15165101D89852E008AEA14 /* BaseCardDetailBuilder.swift in Sources */ = {isa = PBXBuildFile; fileRef = A15165081D89852E008AEA14 /* BaseCardDetailBuilder.swift */; };
		A15165111D89852E008AEA14 /* BaseCardDetailBuilder.swift in Sources */ = {isa = PBXBuildFile; fileRef = A15165081D89852E008AEA14 /* BaseCardDetailBuilder.swift */; };
		A15165121D89852E008AEA14 /* BaseCardDetailBuilder.swift in Sources */ = {isa = PBXBuildFile; fileRef = A15165081D89852E008AEA14 /* BaseCardDetailBuilder.swift */; };
		A15165131D89852E008AEA14 /* CardData.swift in Sources */ = {isa = PBXBuildFile; fileRef = A15165091D89852E008AEA14 /* CardData.swift */; };
		A15165141D89852E008AEA14 /* CardData.swift in Sources */ = {isa = PBXBuildFile; fileRef = A15165091D89852E008AEA14 /* CardData.swift */; };
		A15165151D89852E008AEA14 /* CardData.swift in Sources */ = {isa = PBXBuildFile; fileRef = A15165091D89852E008AEA14 /* CardData.swift */; };
		A15165161D89852E008AEA14 /* CardDataCarousel.swift in Sources */ = {isa = PBXBuildFile; fileRef = A151650A1D89852E008AEA14 /* CardDataCarousel.swift */; };
		A15165171D89852E008AEA14 /* CardDataCarousel.swift in Sources */ = {isa = PBXBuildFile; fileRef = A151650A1D89852E008AEA14 /* CardDataCarousel.swift */; };
		A15165181D89852E008AEA14 /* CardDataCarousel.swift in Sources */ = {isa = PBXBuildFile; fileRef = A151650A1D89852E008AEA14 /* CardDataCarousel.swift */; };
		A15165191D89852E008AEA14 /* CardDetail.swift in Sources */ = {isa = PBXBuildFile; fileRef = A151650B1D89852E008AEA14 /* CardDetail.swift */; };
		A151651A1D89852E008AEA14 /* CardDetail.swift in Sources */ = {isa = PBXBuildFile; fileRef = A151650B1D89852E008AEA14 /* CardDetail.swift */; };
		A151651B1D89852E008AEA14 /* CardDetail.swift in Sources */ = {isa = PBXBuildFile; fileRef = A151650B1D89852E008AEA14 /* CardDetail.swift */; };
		A151651C1D89852E008AEA14 /* CardDetailBuilder.swift in Sources */ = {isa = PBXBuildFile; fileRef = A151650C1D89852E008AEA14 /* CardDetailBuilder.swift */; };
		A151651D1D89852E008AEA14 /* CardDetailBuilder.swift in Sources */ = {isa = PBXBuildFile; fileRef = A151650C1D89852E008AEA14 /* CardDetailBuilder.swift */; };
		A151651E1D89852E008AEA14 /* CardDetailBuilder.swift in Sources */ = {isa = PBXBuildFile; fileRef = A151650C1D89852E008AEA14 /* CardDetailBuilder.swift */; };
		A151651F1D89852E008AEA14 /* CardDetailJson.swift in Sources */ = {isa = PBXBuildFile; fileRef = A151650D1D89852E008AEA14 /* CardDetailJson.swift */; };
		A15165201D89852E008AEA14 /* CardDetailJson.swift in Sources */ = {isa = PBXBuildFile; fileRef = A151650D1D89852E008AEA14 /* CardDetailJson.swift */; };
		A15165211D89852E008AEA14 /* CardDetailJson.swift in Sources */ = {isa = PBXBuildFile; fileRef = A151650D1D89852E008AEA14 /* CardDetailJson.swift */; };
		A15165221D89852E008AEA14 /* ConfigSection.swift in Sources */ = {isa = PBXBuildFile; fileRef = A151650E1D89852E008AEA14 /* ConfigSection.swift */; };
		A15165231D89852E008AEA14 /* ConfigSection.swift in Sources */ = {isa = PBXBuildFile; fileRef = A151650E1D89852E008AEA14 /* ConfigSection.swift */; };
		A15165241D89852E008AEA14 /* ConfigSection.swift in Sources */ = {isa = PBXBuildFile; fileRef = A151650E1D89852E008AEA14 /* ConfigSection.swift */; };
		A15165251D89852E008AEA14 /* SectionViewController.swift in Sources */ = {isa = PBXBuildFile; fileRef = A151650F1D89852E008AEA14 /* SectionViewController.swift */; };
		A15165261D89852E008AEA14 /* SectionViewController.swift in Sources */ = {isa = PBXBuildFile; fileRef = A151650F1D89852E008AEA14 /* SectionViewController.swift */; };
		A15165271D89852E008AEA14 /* SectionViewController.swift in Sources */ = {isa = PBXBuildFile; fileRef = A151650F1D89852E008AEA14 /* SectionViewController.swift */; };
		A151652A1D898954008AEA14 /* config1.json in Resources */ = {isa = PBXBuildFile; fileRef = A15165291D898954008AEA14 /* config1.json */; };
		A151652B1D898954008AEA14 /* config1.json in Resources */ = {isa = PBXBuildFile; fileRef = A15165291D898954008AEA14 /* config1.json */; };
		A151652C1D898954008AEA14 /* config1.json in Resources */ = {isa = PBXBuildFile; fileRef = A15165291D898954008AEA14 /* config1.json */; };
		A151652E1D8A9FCB008AEA14 /* ConfigModule.swift in Sources */ = {isa = PBXBuildFile; fileRef = A151652D1D8A9FCB008AEA14 /* ConfigModule.swift */; };
		A151652F1D8A9FCB008AEA14 /* ConfigModule.swift in Sources */ = {isa = PBXBuildFile; fileRef = A151652D1D8A9FCB008AEA14 /* ConfigModule.swift */; };
		A15165301D8A9FCB008AEA14 /* ConfigModule.swift in Sources */ = {isa = PBXBuildFile; fileRef = A151652D1D8A9FCB008AEA14 /* ConfigModule.swift */; };
		B7A2F8F6C78E941A0C77973A /* Pods_SDKFrontiOSUITests.framework in Frameworks */ = {isa = PBXBuildFile; fileRef = 8DA2EA1464E2AC606C5E483C /* Pods_SDKFrontiOSUITests.framework */; };
/* End PBXBuildFile section */

/* Begin PBXContainerItemProxy section */
		A15164CC1D898402008AEA14 /* PBXContainerItemProxy */ = {
			isa = PBXContainerItemProxy;
			containerPortal = A15164AF1D898402008AEA14 /* Project object */;
			proxyType = 1;
			remoteGlobalIDString = A15164B61D898402008AEA14;
			remoteInfo = SDKFrontiOS;
		};
		A15164D71D898402008AEA14 /* PBXContainerItemProxy */ = {
			isa = PBXContainerItemProxy;
			containerPortal = A15164AF1D898402008AEA14 /* Project object */;
			proxyType = 1;
			remoteGlobalIDString = A15164B61D898402008AEA14;
			remoteInfo = SDKFrontiOS;
		};
/* End PBXContainerItemProxy section */

/* Begin PBXFileReference section */
		0092F26BADD7C6F8BBEB3A3E /* Pods_SDKFrontiOSTests.framework */ = {isa = PBXFileReference; explicitFileType = wrapper.framework; includeInIndex = 0; path = Pods_SDKFrontiOSTests.framework; sourceTree = BUILT_PRODUCTS_DIR; };
		06A79008658CD0BA3533C1B5 /* Pods-SDKFrontiOSTests.release.xcconfig */ = {isa = PBXFileReference; includeInIndex = 1; lastKnownFileType = text.xcconfig; name = "Pods-SDKFrontiOSTests.release.xcconfig"; path = "Pods/Target Support Files/Pods-SDKFrontiOSTests/Pods-SDKFrontiOSTests.release.xcconfig"; sourceTree = "<group>"; };
		1A2547668D66FA2921D9668F /* Pods-SDKFrontiOSUITests.release.xcconfig */ = {isa = PBXFileReference; includeInIndex = 1; lastKnownFileType = text.xcconfig; name = "Pods-SDKFrontiOSUITests.release.xcconfig"; path = "Pods/Target Support Files/Pods-SDKFrontiOSUITests/Pods-SDKFrontiOSUITests.release.xcconfig"; sourceTree = "<group>"; };
		321CF0531D8ADEA90025DFE3 /* SectionViewController.xib */ = {isa = PBXFileReference; fileEncoding = 4; lastKnownFileType = file.xib; path = SectionViewController.xib; sourceTree = "<group>"; };
		3F85C40EA2C1B79B69491BDE /* Pods_SDKFrontiOS.framework */ = {isa = PBXFileReference; explicitFileType = wrapper.framework; includeInIndex = 0; path = Pods_SDKFrontiOS.framework; sourceTree = BUILT_PRODUCTS_DIR; };
		5AB6C73B8104C236AA0D61D1 /* Pods-SDKFrontiOSTests.debug.xcconfig */ = {isa = PBXFileReference; includeInIndex = 1; lastKnownFileType = text.xcconfig; name = "Pods-SDKFrontiOSTests.debug.xcconfig"; path = "Pods/Target Support Files/Pods-SDKFrontiOSTests/Pods-SDKFrontiOSTests.debug.xcconfig"; sourceTree = "<group>"; };
		7B2323C59FED48C332BB3B4C /* Pods-SDKFrontiOS.release.xcconfig */ = {isa = PBXFileReference; includeInIndex = 1; lastKnownFileType = text.xcconfig; name = "Pods-SDKFrontiOS.release.xcconfig"; path = "Pods/Target Support Files/Pods-SDKFrontiOS/Pods-SDKFrontiOS.release.xcconfig"; sourceTree = "<group>"; };
		8DA2EA1464E2AC606C5E483C /* Pods_SDKFrontiOSUITests.framework */ = {isa = PBXFileReference; explicitFileType = wrapper.framework; includeInIndex = 0; path = Pods_SDKFrontiOSUITests.framework; sourceTree = BUILT_PRODUCTS_DIR; };
		A1478FCF1D8AB1DB0039C1FE /* Target.swift */ = {isa = PBXFileReference; fileEncoding = 4; lastKnownFileType = sourcecode.swift; path = Target.swift; sourceTree = "<group>"; };
		A15164B71D898402008AEA14 /* SDKFrontiOS.app */ = {isa = PBXFileReference; explicitFileType = wrapper.application; includeInIndex = 0; path = SDKFrontiOS.app; sourceTree = BUILT_PRODUCTS_DIR; };
		A15164BA1D898402008AEA14 /* AppDelegate.swift */ = {isa = PBXFileReference; lastKnownFileType = sourcecode.swift; path = AppDelegate.swift; sourceTree = "<group>"; };
		A15164BC1D898402008AEA14 /* ViewController.swift */ = {isa = PBXFileReference; lastKnownFileType = sourcecode.swift; path = ViewController.swift; sourceTree = "<group>"; };
		A15164BF1D898402008AEA14 /* Base */ = {isa = PBXFileReference; lastKnownFileType = file.storyboard; name = Base; path = Base.lproj/Main.storyboard; sourceTree = "<group>"; };
		A15164C11D898402008AEA14 /* Assets.xcassets */ = {isa = PBXFileReference; lastKnownFileType = folder.assetcatalog; path = Assets.xcassets; sourceTree = "<group>"; };
		A15164C41D898402008AEA14 /* Base */ = {isa = PBXFileReference; lastKnownFileType = file.storyboard; name = Base; path = Base.lproj/LaunchScreen.storyboard; sourceTree = "<group>"; };
		A15164C61D898402008AEA14 /* Info.plist */ = {isa = PBXFileReference; lastKnownFileType = text.plist.xml; path = Info.plist; sourceTree = "<group>"; };
		A15164CB1D898402008AEA14 /* SDKFrontiOSTests.xctest */ = {isa = PBXFileReference; explicitFileType = wrapper.cfbundle; includeInIndex = 0; path = SDKFrontiOSTests.xctest; sourceTree = BUILT_PRODUCTS_DIR; };
		A15164CF1D898402008AEA14 /* SDKFrontiOSTests.swift */ = {isa = PBXFileReference; lastKnownFileType = sourcecode.swift; path = SDKFrontiOSTests.swift; sourceTree = "<group>"; };
		A15164D11D898402008AEA14 /* Info.plist */ = {isa = PBXFileReference; lastKnownFileType = text.plist.xml; path = Info.plist; sourceTree = "<group>"; };
		A15164D61D898402008AEA14 /* SDKFrontiOSUITests.xctest */ = {isa = PBXFileReference; explicitFileType = wrapper.cfbundle; includeInIndex = 0; path = SDKFrontiOSUITests.xctest; sourceTree = BUILT_PRODUCTS_DIR; };
		A15164DA1D898402008AEA14 /* SDKFrontiOSUITests.swift */ = {isa = PBXFileReference; lastKnownFileType = sourcecode.swift; path = SDKFrontiOSUITests.swift; sourceTree = "<group>"; };
		A15164DC1D898402008AEA14 /* Info.plist */ = {isa = PBXFileReference; lastKnownFileType = text.plist.xml; path = Info.plist; sourceTree = "<group>"; };
		A15164EC1D898507008AEA14 /* JsonDataType.swift */ = {isa = PBXFileReference; fileEncoding = 4; lastKnownFileType = sourcecode.swift; path = JsonDataType.swift; sourceTree = "<group>"; };
		A15164ED1D898507008AEA14 /* ModuleType.swift */ = {isa = PBXFileReference; fileEncoding = 4; lastKnownFileType = sourcecode.swift; path = ModuleType.swift; sourceTree = "<group>"; };
		A15164EE1D898507008AEA14 /* NavigationType.swift */ = {isa = PBXFileReference; fileEncoding = 4; lastKnownFileType = sourcecode.swift; path = NavigationType.swift; sourceTree = "<group>"; };
		A15164EF1D898507008AEA14 /* TypeOfCard.swift */ = {isa = PBXFileReference; fileEncoding = 4; lastKnownFileType = sourcecode.swift; path = TypeOfCard.swift; sourceTree = "<group>"; };
		A15164FC1D89851C008AEA14 /* ModuleTableViewCell.swift */ = {isa = PBXFileReference; fileEncoding = 4; lastKnownFileType = sourcecode.swift; path = ModuleTableViewCell.swift; sourceTree = "<group>"; };
		A15164FD1D89851C008AEA14 /* PhotoModuleTableViewCell.swift */ = {isa = PBXFileReference; fileEncoding = 4; lastKnownFileType = sourcecode.swift; path = PhotoModuleTableViewCell.swift; sourceTree = "<group>"; };
		A15164FE1D89851C008AEA14 /* PhotoModuleTableViewCell.xib */ = {isa = PBXFileReference; fileEncoding = 4; lastKnownFileType = file.xib; path = PhotoModuleTableViewCell.xib; sourceTree = "<group>"; };
		A15165081D89852E008AEA14 /* BaseCardDetailBuilder.swift */ = {isa = PBXFileReference; fileEncoding = 4; lastKnownFileType = sourcecode.swift; path = BaseCardDetailBuilder.swift; sourceTree = "<group>"; };
		A15165091D89852E008AEA14 /* CardData.swift */ = {isa = PBXFileReference; fileEncoding = 4; lastKnownFileType = sourcecode.swift; path = CardData.swift; sourceTree = "<group>"; };
		A151650A1D89852E008AEA14 /* CardDataCarousel.swift */ = {isa = PBXFileReference; fileEncoding = 4; lastKnownFileType = sourcecode.swift; path = CardDataCarousel.swift; sourceTree = "<group>"; };
		A151650B1D89852E008AEA14 /* CardDetail.swift */ = {isa = PBXFileReference; fileEncoding = 4; lastKnownFileType = sourcecode.swift; path = CardDetail.swift; sourceTree = "<group>"; };
		A151650C1D89852E008AEA14 /* CardDetailBuilder.swift */ = {isa = PBXFileReference; fileEncoding = 4; lastKnownFileType = sourcecode.swift; path = CardDetailBuilder.swift; sourceTree = "<group>"; };
		A151650D1D89852E008AEA14 /* CardDetailJson.swift */ = {isa = PBXFileReference; fileEncoding = 4; lastKnownFileType = sourcecode.swift; path = CardDetailJson.swift; sourceTree = "<group>"; };
		A151650E1D89852E008AEA14 /* ConfigSection.swift */ = {isa = PBXFileReference; fileEncoding = 4; lastKnownFileType = sourcecode.swift; path = ConfigSection.swift; sourceTree = "<group>"; };
		A151650F1D89852E008AEA14 /* SectionViewController.swift */ = {isa = PBXFileReference; fileEncoding = 4; lastKnownFileType = sourcecode.swift; path = SectionViewController.swift; sourceTree = "<group>"; };
		A15165291D898954008AEA14 /* config1.json */ = {isa = PBXFileReference; fileEncoding = 4; lastKnownFileType = text.json; path = config1.json; sourceTree = "<group>"; };
		A151652D1D8A9FCB008AEA14 /* ConfigModule.swift */ = {isa = PBXFileReference; fileEncoding = 4; lastKnownFileType = sourcecode.swift; path = ConfigModule.swift; sourceTree = "<group>"; };
		AEABBF57AAD4050B83453C21 /* Pods-SDKFrontiOSUITests.debug.xcconfig */ = {isa = PBXFileReference; includeInIndex = 1; lastKnownFileType = text.xcconfig; name = "Pods-SDKFrontiOSUITests.debug.xcconfig"; path = "Pods/Target Support Files/Pods-SDKFrontiOSUITests/Pods-SDKFrontiOSUITests.debug.xcconfig"; sourceTree = "<group>"; };
		B8772F96BE5E1DAD5227F167 /* Pods-SDKFrontiOS.debug.xcconfig */ = {isa = PBXFileReference; includeInIndex = 1; lastKnownFileType = text.xcconfig; name = "Pods-SDKFrontiOS.debug.xcconfig"; path = "Pods/Target Support Files/Pods-SDKFrontiOS/Pods-SDKFrontiOS.debug.xcconfig"; sourceTree = "<group>"; };
/* End PBXFileReference section */

/* Begin PBXFrameworksBuildPhase section */
		A15164B41D898402008AEA14 /* Frameworks */ = {
			isa = PBXFrameworksBuildPhase;
			buildActionMask = 2147483647;
			files = (
				62B091B75B6E0C250433BC83 /* Pods_SDKFrontiOS.framework in Frameworks */,
			);
			runOnlyForDeploymentPostprocessing = 0;
		};
		A15164C81D898402008AEA14 /* Frameworks */ = {
			isa = PBXFrameworksBuildPhase;
			buildActionMask = 2147483647;
			files = (
				7EB5EDCD58301A9A539735FB /* Pods_SDKFrontiOSTests.framework in Frameworks */,
			);
			runOnlyForDeploymentPostprocessing = 0;
		};
		A15164D31D898402008AEA14 /* Frameworks */ = {
			isa = PBXFrameworksBuildPhase;
			buildActionMask = 2147483647;
			files = (
				B7A2F8F6C78E941A0C77973A /* Pods_SDKFrontiOSUITests.framework in Frameworks */,
			);
			runOnlyForDeploymentPostprocessing = 0;
		};
/* End PBXFrameworksBuildPhase section */

/* Begin PBXGroup section */
		A15164AE1D898402008AEA14 = {
			isa = PBXGroup;
			children = (
				A15164B91D898402008AEA14 /* SDKFrontiOS */,
				A15164CE1D898402008AEA14 /* SDKFrontiOSTests */,
				A15164D91D898402008AEA14 /* SDKFrontiOSUITests */,
				A15164B81D898402008AEA14 /* Products */,
				CE71B7D156362772ECDA3984 /* Pods */,
				EFC0A425240C8DE780BC172C /* Frameworks */,
			);
			sourceTree = "<group>";
		};
		A15164B81D898402008AEA14 /* Products */ = {
			isa = PBXGroup;
			children = (
				A15164B71D898402008AEA14 /* SDKFrontiOS.app */,
				A15164CB1D898402008AEA14 /* SDKFrontiOSTests.xctest */,
				A15164D61D898402008AEA14 /* SDKFrontiOSUITests.xctest */,
			);
			name = Products;
			sourceTree = "<group>";
		};
		A15164B91D898402008AEA14 /* SDKFrontiOS */ = {
			isa = PBXGroup;
			children = (
				A15164E91D898441008AEA14 /* CardDetail */,
				A15164E81D898409008AEA14 /* Carousel */,
				A15164BA1D898402008AEA14 /* AppDelegate.swift */,
				A15164BC1D898402008AEA14 /* ViewController.swift */,
				A15164BE1D898402008AEA14 /* Main.storyboard */,
				A15164C11D898402008AEA14 /* Assets.xcassets */,
				A15164C31D898402008AEA14 /* LaunchScreen.storyboard */,
				A15164C61D898402008AEA14 /* Info.plist */,
				A15165281D898918008AEA14 /* samples */,
			);
			path = SDKFrontiOS;
			sourceTree = "<group>";
		};
		A15164CE1D898402008AEA14 /* SDKFrontiOSTests */ = {
			isa = PBXGroup;
			children = (
				A15164CF1D898402008AEA14 /* SDKFrontiOSTests.swift */,
				A15164D11D898402008AEA14 /* Info.plist */,
			);
			path = SDKFrontiOSTests;
			sourceTree = "<group>";
		};
		A15164D91D898402008AEA14 /* SDKFrontiOSUITests */ = {
			isa = PBXGroup;
			children = (
				A15164DA1D898402008AEA14 /* SDKFrontiOSUITests.swift */,
				A15164DC1D898402008AEA14 /* Info.plist */,
			);
			path = SDKFrontiOSUITests;
			sourceTree = "<group>";
		};
		A15164E81D898409008AEA14 /* Carousel */ = {
			isa = PBXGroup;
			children = (
			);
			name = Carousel;
			sourceTree = "<group>";
		};
		A15164E91D898441008AEA14 /* CardDetail */ = {
			isa = PBXGroup;
			children = (
				A15164EA1D898474008AEA14 /* Enum */,
				A15164EB1D89847D008AEA14 /* Modules */,
				A15165081D89852E008AEA14 /* BaseCardDetailBuilder.swift */,
				A15165091D89852E008AEA14 /* CardData.swift */,
				A151650A1D89852E008AEA14 /* CardDataCarousel.swift */,
				A151650B1D89852E008AEA14 /* CardDetail.swift */,
				A151650C1D89852E008AEA14 /* CardDetailBuilder.swift */,
				A151650D1D89852E008AEA14 /* CardDetailJson.swift */,
				A151650E1D89852E008AEA14 /* ConfigSection.swift */,
				A151650F1D89852E008AEA14 /* SectionViewController.swift */,
				A151652D1D8A9FCB008AEA14 /* ConfigModule.swift */,
				A1478FCF1D8AB1DB0039C1FE /* Target.swift */,
				321CF0531D8ADEA90025DFE3 /* SectionViewController.xib */,
			);
			name = CardDetail;
			sourceTree = "<group>";
		};
		A15164EA1D898474008AEA14 /* Enum */ = {
			isa = PBXGroup;
			children = (
				A15164EC1D898507008AEA14 /* JsonDataType.swift */,
				A15164ED1D898507008AEA14 /* ModuleType.swift */,
				A15164EE1D898507008AEA14 /* NavigationType.swift */,
				A15164EF1D898507008AEA14 /* TypeOfCard.swift */,
			);
			name = Enum;
			sourceTree = "<group>";
		};
		A15164EB1D89847D008AEA14 /* Modules */ = {
			isa = PBXGroup;
			children = (
				A15164FC1D89851C008AEA14 /* ModuleTableViewCell.swift */,
				A15164FD1D89851C008AEA14 /* PhotoModuleTableViewCell.swift */,
				A15164FE1D89851C008AEA14 /* PhotoModuleTableViewCell.xib */,
			);
			name = Modules;
			sourceTree = "<group>";
		};
		A15165281D898918008AEA14 /* samples */ = {
			isa = PBXGroup;
			children = (
				A15165291D898954008AEA14 /* config1.json */,
			);
			name = samples;
			sourceTree = "<group>";
		};
		CE71B7D156362772ECDA3984 /* Pods */ = {
			isa = PBXGroup;
			children = (
				B8772F96BE5E1DAD5227F167 /* Pods-SDKFrontiOS.debug.xcconfig */,
				7B2323C59FED48C332BB3B4C /* Pods-SDKFrontiOS.release.xcconfig */,
				5AB6C73B8104C236AA0D61D1 /* Pods-SDKFrontiOSTests.debug.xcconfig */,
				06A79008658CD0BA3533C1B5 /* Pods-SDKFrontiOSTests.release.xcconfig */,
				AEABBF57AAD4050B83453C21 /* Pods-SDKFrontiOSUITests.debug.xcconfig */,
				1A2547668D66FA2921D9668F /* Pods-SDKFrontiOSUITests.release.xcconfig */,
			);
			name = Pods;
			sourceTree = "<group>";
		};
		EFC0A425240C8DE780BC172C /* Frameworks */ = {
			isa = PBXGroup;
			children = (
				3F85C40EA2C1B79B69491BDE /* Pods_SDKFrontiOS.framework */,
				0092F26BADD7C6F8BBEB3A3E /* Pods_SDKFrontiOSTests.framework */,
				8DA2EA1464E2AC606C5E483C /* Pods_SDKFrontiOSUITests.framework */,
			);
			name = Frameworks;
			sourceTree = "<group>";
		};
/* End PBXGroup section */

/* Begin PBXNativeTarget section */
		A15164B61D898402008AEA14 /* SDKFrontiOS */ = {
			isa = PBXNativeTarget;
			buildConfigurationList = A15164DF1D898402008AEA14 /* Build configuration list for PBXNativeTarget "SDKFrontiOS" */;
			buildPhases = (
				50E8C0DCA324A53A8D0BD986 /* [CP] Check Pods Manifest.lock */,
				A15164B31D898402008AEA14 /* Sources */,
				A15164B41D898402008AEA14 /* Frameworks */,
				A15164B51D898402008AEA14 /* Resources */,
				E25ACB4A95DEC3F3B664FBF7 /* [CP] Embed Pods Frameworks */,
				6F805CF1CBD8BC7A00F8DC7F /* [CP] Copy Pods Resources */,
			);
			buildRules = (
			);
			dependencies = (
			);
			name = SDKFrontiOS;
			productName = SDKFrontiOS;
			productReference = A15164B71D898402008AEA14 /* SDKFrontiOS.app */;
			productType = "com.apple.product-type.application";
		};
		A15164CA1D898402008AEA14 /* SDKFrontiOSTests */ = {
			isa = PBXNativeTarget;
			buildConfigurationList = A15164E21D898402008AEA14 /* Build configuration list for PBXNativeTarget "SDKFrontiOSTests" */;
			buildPhases = (
				28BB2C057E2487FE2E8C4D75 /* [CP] Check Pods Manifest.lock */,
				A15164C71D898402008AEA14 /* Sources */,
				A15164C81D898402008AEA14 /* Frameworks */,
				A15164C91D898402008AEA14 /* Resources */,
				ECCA813D6C67193AF1067D6F /* [CP] Embed Pods Frameworks */,
				D1A0E57B2FA79EF31ECC4047 /* [CP] Copy Pods Resources */,
			);
			buildRules = (
			);
			dependencies = (
				A15164CD1D898402008AEA14 /* PBXTargetDependency */,
			);
			name = SDKFrontiOSTests;
			productName = SDKFrontiOSTests;
			productReference = A15164CB1D898402008AEA14 /* SDKFrontiOSTests.xctest */;
			productType = "com.apple.product-type.bundle.unit-test";
		};
		A15164D51D898402008AEA14 /* SDKFrontiOSUITests */ = {
			isa = PBXNativeTarget;
			buildConfigurationList = A15164E51D898402008AEA14 /* Build configuration list for PBXNativeTarget "SDKFrontiOSUITests" */;
			buildPhases = (
				9E91A61E964CFADB69E6E802 /* [CP] Check Pods Manifest.lock */,
				A15164D21D898402008AEA14 /* Sources */,
				A15164D31D898402008AEA14 /* Frameworks */,
				A15164D41D898402008AEA14 /* Resources */,
				0EE8A20BA6AED9B846C689EE /* [CP] Copy Pods Resources */,
			);
			buildRules = (
			);
			dependencies = (
				A15164D81D898402008AEA14 /* PBXTargetDependency */,
			);
			name = SDKFrontiOSUITests;
			productName = SDKFrontiOSUITests;
			productReference = A15164D61D898402008AEA14 /* SDKFrontiOSUITests.xctest */;
			productType = "com.apple.product-type.bundle.ui-testing";
		};
/* End PBXNativeTarget section */

/* Begin PBXProject section */
		A15164AF1D898402008AEA14 /* Project object */ = {
			isa = PBXProject;
			attributes = {
				LastSwiftUpdateCheck = 0730;
				LastUpgradeCheck = 0730;
				ORGANIZATIONNAME = Tagsonomy;
				TargetAttributes = {
					A15164B61D898402008AEA14 = {
						CreatedOnToolsVersion = 7.3;
					};
					A15164CA1D898402008AEA14 = {
						CreatedOnToolsVersion = 7.3;
						TestTargetID = A15164B61D898402008AEA14;
					};
					A15164D51D898402008AEA14 = {
						CreatedOnToolsVersion = 7.3;
						TestTargetID = A15164B61D898402008AEA14;
					};
				};
			};
			buildConfigurationList = A15164B21D898402008AEA14 /* Build configuration list for PBXProject "SDKFrontiOS" */;
			compatibilityVersion = "Xcode 3.2";
			developmentRegion = English;
			hasScannedForEncodings = 0;
			knownRegions = (
				en,
				Base,
			);
			mainGroup = A15164AE1D898402008AEA14;
			productRefGroup = A15164B81D898402008AEA14 /* Products */;
			projectDirPath = "";
			projectRoot = "";
			targets = (
				A15164B61D898402008AEA14 /* SDKFrontiOS */,
				A15164CA1D898402008AEA14 /* SDKFrontiOSTests */,
				A15164D51D898402008AEA14 /* SDKFrontiOSUITests */,
			);
		};
/* End PBXProject section */

/* Begin PBXResourcesBuildPhase section */
		A15164B51D898402008AEA14 /* Resources */ = {
			isa = PBXResourcesBuildPhase;
			buildActionMask = 2147483647;
			files = (
				A15165051D89851C008AEA14 /* PhotoModuleTableViewCell.xib in Resources */,
				A15164C51D898402008AEA14 /* LaunchScreen.storyboard in Resources */,
				A15164C21D898402008AEA14 /* Assets.xcassets in Resources */,
				A15164C01D898402008AEA14 /* Main.storyboard in Resources */,
				A151652A1D898954008AEA14 /* config1.json in Resources */,
				321CF0541D8ADEA90025DFE3 /* SectionViewController.xib in Resources */,
			);
			runOnlyForDeploymentPostprocessing = 0;
		};
		A15164C91D898402008AEA14 /* Resources */ = {
			isa = PBXResourcesBuildPhase;
			buildActionMask = 2147483647;
			files = (
				A15165061D89851C008AEA14 /* PhotoModuleTableViewCell.xib in Resources */,
				A151652B1D898954008AEA14 /* config1.json in Resources */,
				321CF0551D8ADEA90025DFE3 /* SectionViewController.xib in Resources */,
			);
			runOnlyForDeploymentPostprocessing = 0;
		};
		A15164D41D898402008AEA14 /* Resources */ = {
			isa = PBXResourcesBuildPhase;
			buildActionMask = 2147483647;
			files = (
				A15165071D89851C008AEA14 /* PhotoModuleTableViewCell.xib in Resources */,
				A151652C1D898954008AEA14 /* config1.json in Resources */,
				321CF0561D8ADEA90025DFE3 /* SectionViewController.xib in Resources */,
			);
			runOnlyForDeploymentPostprocessing = 0;
		};
/* End PBXResourcesBuildPhase section */

/* Begin PBXShellScriptBuildPhase section */
		0EE8A20BA6AED9B846C689EE /* [CP] Copy Pods Resources */ = {
			isa = PBXShellScriptBuildPhase;
			buildActionMask = 2147483647;
			files = (
			);
			inputPaths = (
			);
			name = "[CP] Copy Pods Resources";
			outputPaths = (
			);
			runOnlyForDeploymentPostprocessing = 0;
			shellPath = /bin/sh;
			shellScript = "\"${SRCROOT}/Pods/Target Support Files/Pods-SDKFrontiOSUITests/Pods-SDKFrontiOSUITests-resources.sh\"\n";
			showEnvVarsInLog = 0;
		};
		28BB2C057E2487FE2E8C4D75 /* [CP] Check Pods Manifest.lock */ = {
			isa = PBXShellScriptBuildPhase;
			buildActionMask = 2147483647;
			files = (
			);
			inputPaths = (
			);
			name = "[CP] Check Pods Manifest.lock";
			outputPaths = (
			);
			runOnlyForDeploymentPostprocessing = 0;
			shellPath = /bin/sh;
			shellScript = "diff \"${PODS_ROOT}/../Podfile.lock\" \"${PODS_ROOT}/Manifest.lock\" > /dev/null\nif [[ $? != 0 ]] ; then\n    cat << EOM\nerror: The sandbox is not in sync with the Podfile.lock. Run 'pod install' or update your CocoaPods installation.\nEOM\n    exit 1\nfi\n";
			showEnvVarsInLog = 0;
		};
		50E8C0DCA324A53A8D0BD986 /* [CP] Check Pods Manifest.lock */ = {
			isa = PBXShellScriptBuildPhase;
			buildActionMask = 2147483647;
			files = (
			);
			inputPaths = (
			);
			name = "[CP] Check Pods Manifest.lock";
			outputPaths = (
			);
			runOnlyForDeploymentPostprocessing = 0;
			shellPath = /bin/sh;
			shellScript = "diff \"${PODS_ROOT}/../Podfile.lock\" \"${PODS_ROOT}/Manifest.lock\" > /dev/null\nif [[ $? != 0 ]] ; then\n    cat << EOM\nerror: The sandbox is not in sync with the Podfile.lock. Run 'pod install' or update your CocoaPods installation.\nEOM\n    exit 1\nfi\n";
			showEnvVarsInLog = 0;
		};
		6F805CF1CBD8BC7A00F8DC7F /* [CP] Copy Pods Resources */ = {
			isa = PBXShellScriptBuildPhase;
			buildActionMask = 2147483647;
			files = (
			);
			inputPaths = (
			);
			name = "[CP] Copy Pods Resources";
			outputPaths = (
			);
			runOnlyForDeploymentPostprocessing = 0;
			shellPath = /bin/sh;
			shellScript = "\"${SRCROOT}/Pods/Target Support Files/Pods-SDKFrontiOS/Pods-SDKFrontiOS-resources.sh\"\n";
			showEnvVarsInLog = 0;
		};
		9E91A61E964CFADB69E6E802 /* [CP] Check Pods Manifest.lock */ = {
			isa = PBXShellScriptBuildPhase;
			buildActionMask = 2147483647;
			files = (
			);
			inputPaths = (
			);
			name = "[CP] Check Pods Manifest.lock";
			outputPaths = (
			);
			runOnlyForDeploymentPostprocessing = 0;
			shellPath = /bin/sh;
			shellScript = "diff \"${PODS_ROOT}/../Podfile.lock\" \"${PODS_ROOT}/Manifest.lock\" > /dev/null\nif [[ $? != 0 ]] ; then\n    cat << EOM\nerror: The sandbox is not in sync with the Podfile.lock. Run 'pod install' or update your CocoaPods installation.\nEOM\n    exit 1\nfi\n";
			showEnvVarsInLog = 0;
		};
		D1A0E57B2FA79EF31ECC4047 /* [CP] Copy Pods Resources */ = {
			isa = PBXShellScriptBuildPhase;
			buildActionMask = 2147483647;
			files = (
			);
			inputPaths = (
			);
			name = "[CP] Copy Pods Resources";
			outputPaths = (
			);
			runOnlyForDeploymentPostprocessing = 0;
			shellPath = /bin/sh;
			shellScript = "\"${SRCROOT}/Pods/Target Support Files/Pods-SDKFrontiOSTests/Pods-SDKFrontiOSTests-resources.sh\"\n";
			showEnvVarsInLog = 0;
		};
		E25ACB4A95DEC3F3B664FBF7 /* [CP] Embed Pods Frameworks */ = {
			isa = PBXShellScriptBuildPhase;
			buildActionMask = 2147483647;
			files = (
			);
			inputPaths = (
			);
			name = "[CP] Embed Pods Frameworks";
			outputPaths = (
			);
			runOnlyForDeploymentPostprocessing = 0;
			shellPath = /bin/sh;
			shellScript = "\"${SRCROOT}/Pods/Target Support Files/Pods-SDKFrontiOS/Pods-SDKFrontiOS-frameworks.sh\"\n";
			showEnvVarsInLog = 0;
		};
		ECCA813D6C67193AF1067D6F /* [CP] Embed Pods Frameworks */ = {
			isa = PBXShellScriptBuildPhase;
			buildActionMask = 2147483647;
			files = (
			);
			inputPaths = (
			);
			name = "[CP] Embed Pods Frameworks";
			outputPaths = (
			);
			runOnlyForDeploymentPostprocessing = 0;
			shellPath = /bin/sh;
			shellScript = "\"${SRCROOT}/Pods/Target Support Files/Pods-SDKFrontiOSTests/Pods-SDKFrontiOSTests-frameworks.sh\"\n";
			showEnvVarsInLog = 0;
		};
/* End PBXShellScriptBuildPhase section */

/* Begin PBXSourcesBuildPhase section */
		A15164B31D898402008AEA14 /* Sources */ = {
			isa = PBXSourcesBuildPhase;
			buildActionMask = 2147483647;
			files = (
				A15165101D89852E008AEA14 /* BaseCardDetailBuilder.swift in Sources */,
				A15164F91D898507008AEA14 /* TypeOfCard.swift in Sources */,
				A151651C1D89852E008AEA14 /* CardDetailBuilder.swift in Sources */,
				A15164F61D898507008AEA14 /* NavigationType.swift in Sources */,
				A15164F01D898507008AEA14 /* JsonDataType.swift in Sources */,
				A15165221D89852E008AEA14 /* ConfigSection.swift in Sources */,
				A15164BD1D898402008AEA14 /* ViewController.swift in Sources */,
				A15165131D89852E008AEA14 /* CardData.swift in Sources */,
				A15165021D89851C008AEA14 /* PhotoModuleTableViewCell.swift in Sources */,
				A151652E1D8A9FCB008AEA14 /* ConfigModule.swift in Sources */,
				A151651F1D89852E008AEA14 /* CardDetailJson.swift in Sources */,
				A15164FF1D89851C008AEA14 /* ModuleTableViewCell.swift in Sources */,
				A1478FD01D8AB1DB0039C1FE /* Target.swift in Sources */,
				A15165191D89852E008AEA14 /* CardDetail.swift in Sources */,
				A15164BB1D898402008AEA14 /* AppDelegate.swift in Sources */,
				A15165251D89852E008AEA14 /* SectionViewController.swift in Sources */,
				A15165161D89852E008AEA14 /* CardDataCarousel.swift in Sources */,
				A15164F31D898507008AEA14 /* ModuleType.swift in Sources */,
			);
			runOnlyForDeploymentPostprocessing = 0;
		};
		A15164C71D898402008AEA14 /* Sources */ = {
			isa = PBXSourcesBuildPhase;
			buildActionMask = 2147483647;
			files = (
				A15165261D89852E008AEA14 /* SectionViewController.swift in Sources */,
				A15164D01D898402008AEA14 /* SDKFrontiOSTests.swift in Sources */,
				A151651A1D89852E008AEA14 /* CardDetail.swift in Sources */,
				A15164F71D898507008AEA14 /* NavigationType.swift in Sources */,
				A15164F11D898507008AEA14 /* JsonDataType.swift in Sources */,
				A15164F41D898507008AEA14 /* ModuleType.swift in Sources */,
				A1478FD11D8AB1DB0039C1FE /* Target.swift in Sources */,
				A15165031D89851C008AEA14 /* PhotoModuleTableViewCell.swift in Sources */,
				A151651D1D89852E008AEA14 /* CardDetailBuilder.swift in Sources */,
				A15165111D89852E008AEA14 /* BaseCardDetailBuilder.swift in Sources */,
				A15165141D89852E008AEA14 /* CardData.swift in Sources */,
				A15165171D89852E008AEA14 /* CardDataCarousel.swift in Sources */,
				A151652F1D8A9FCB008AEA14 /* ConfigModule.swift in Sources */,
				A15164FA1D898507008AEA14 /* TypeOfCard.swift in Sources */,
				A15165001D89851C008AEA14 /* ModuleTableViewCell.swift in Sources */,
				A15165201D89852E008AEA14 /* CardDetailJson.swift in Sources */,
				A15165231D89852E008AEA14 /* ConfigSection.swift in Sources */,
			);
			runOnlyForDeploymentPostprocessing = 0;
		};
		A15164D21D898402008AEA14 /* Sources */ = {
			isa = PBXSourcesBuildPhase;
			buildActionMask = 2147483647;
			files = (
				A15165271D89852E008AEA14 /* SectionViewController.swift in Sources */,
				A15164DB1D898402008AEA14 /* SDKFrontiOSUITests.swift in Sources */,
				A151651B1D89852E008AEA14 /* CardDetail.swift in Sources */,
				A15164F81D898507008AEA14 /* NavigationType.swift in Sources */,
				A15164F21D898507008AEA14 /* JsonDataType.swift in Sources */,
				A15164F51D898507008AEA14 /* ModuleType.swift in Sources */,
				A1478FD21D8AB1DB0039C1FE /* Target.swift in Sources */,
				A15165041D89851C008AEA14 /* PhotoModuleTableViewCell.swift in Sources */,
				A151651E1D89852E008AEA14 /* CardDetailBuilder.swift in Sources */,
				A15165121D89852E008AEA14 /* BaseCardDetailBuilder.swift in Sources */,
				A15165151D89852E008AEA14 /* CardData.swift in Sources */,
				A15165181D89852E008AEA14 /* CardDataCarousel.swift in Sources */,
				A15165301D8A9FCB008AEA14 /* ConfigModule.swift in Sources */,
				A15164FB1D898507008AEA14 /* TypeOfCard.swift in Sources */,
				A15165011D89851C008AEA14 /* ModuleTableViewCell.swift in Sources */,
				A15165211D89852E008AEA14 /* CardDetailJson.swift in Sources */,
				A15165241D89852E008AEA14 /* ConfigSection.swift in Sources */,
			);
			runOnlyForDeploymentPostprocessing = 0;
		};
/* End PBXSourcesBuildPhase section */

/* Begin PBXTargetDependency section */
		A15164CD1D898402008AEA14 /* PBXTargetDependency */ = {
			isa = PBXTargetDependency;
			target = A15164B61D898402008AEA14 /* SDKFrontiOS */;
			targetProxy = A15164CC1D898402008AEA14 /* PBXContainerItemProxy */;
		};
		A15164D81D898402008AEA14 /* PBXTargetDependency */ = {
			isa = PBXTargetDependency;
			target = A15164B61D898402008AEA14 /* SDKFrontiOS */;
			targetProxy = A15164D71D898402008AEA14 /* PBXContainerItemProxy */;
		};
/* End PBXTargetDependency section */

/* Begin PBXVariantGroup section */
		A15164BE1D898402008AEA14 /* Main.storyboard */ = {
			isa = PBXVariantGroup;
			children = (
				A15164BF1D898402008AEA14 /* Base */,
			);
			name = Main.storyboard;
			sourceTree = "<group>";
		};
		A15164C31D898402008AEA14 /* LaunchScreen.storyboard */ = {
			isa = PBXVariantGroup;
			children = (
				A15164C41D898402008AEA14 /* Base */,
			);
			name = LaunchScreen.storyboard;
			sourceTree = "<group>";
		};
/* End PBXVariantGroup section */

/* Begin XCBuildConfiguration section */
		A15164DD1D898402008AEA14 /* Debug */ = {
			isa = XCBuildConfiguration;
			buildSettings = {
				ALWAYS_SEARCH_USER_PATHS = NO;
				CLANG_ANALYZER_NONNULL = YES;
				CLANG_CXX_LANGUAGE_STANDARD = "gnu++0x";
				CLANG_CXX_LIBRARY = "libc++";
				CLANG_ENABLE_MODULES = YES;
				CLANG_ENABLE_OBJC_ARC = YES;
				CLANG_WARN_BOOL_CONVERSION = YES;
				CLANG_WARN_CONSTANT_CONVERSION = YES;
				CLANG_WARN_DIRECT_OBJC_ISA_USAGE = YES_ERROR;
				CLANG_WARN_EMPTY_BODY = YES;
				CLANG_WARN_ENUM_CONVERSION = YES;
				CLANG_WARN_INT_CONVERSION = YES;
				CLANG_WARN_OBJC_ROOT_CLASS = YES_ERROR;
				CLANG_WARN_UNREACHABLE_CODE = YES;
				CLANG_WARN__DUPLICATE_METHOD_MATCH = YES;
				"CODE_SIGN_IDENTITY[sdk=iphoneos*]" = "iPhone Developer";
				COPY_PHASE_STRIP = NO;
				DEBUG_INFORMATION_FORMAT = dwarf;
				ENABLE_STRICT_OBJC_MSGSEND = YES;
				ENABLE_TESTABILITY = YES;
				GCC_C_LANGUAGE_STANDARD = gnu99;
				GCC_DYNAMIC_NO_PIC = NO;
				GCC_NO_COMMON_BLOCKS = YES;
				GCC_OPTIMIZATION_LEVEL = 0;
				GCC_PREPROCESSOR_DEFINITIONS = (
					"DEBUG=1",
					"$(inherited)",
				);
				GCC_WARN_64_TO_32_BIT_CONVERSION = YES;
				GCC_WARN_ABOUT_RETURN_TYPE = YES_ERROR;
				GCC_WARN_UNDECLARED_SELECTOR = YES;
				GCC_WARN_UNINITIALIZED_AUTOS = YES_AGGRESSIVE;
				GCC_WARN_UNUSED_FUNCTION = YES;
				GCC_WARN_UNUSED_VARIABLE = YES;
				IPHONEOS_DEPLOYMENT_TARGET = 9.3;
				MTL_ENABLE_DEBUG_INFO = YES;
				ONLY_ACTIVE_ARCH = YES;
				SDKROOT = iphoneos;
				SWIFT_OPTIMIZATION_LEVEL = "-Onone";
				TARGETED_DEVICE_FAMILY = "1,2";
			};
			name = Debug;
		};
		A15164DE1D898402008AEA14 /* Release */ = {
			isa = XCBuildConfiguration;
			buildSettings = {
				ALWAYS_SEARCH_USER_PATHS = NO;
				CLANG_ANALYZER_NONNULL = YES;
				CLANG_CXX_LANGUAGE_STANDARD = "gnu++0x";
				CLANG_CXX_LIBRARY = "libc++";
				CLANG_ENABLE_MODULES = YES;
				CLANG_ENABLE_OBJC_ARC = YES;
				CLANG_WARN_BOOL_CONVERSION = YES;
				CLANG_WARN_CONSTANT_CONVERSION = YES;
				CLANG_WARN_DIRECT_OBJC_ISA_USAGE = YES_ERROR;
				CLANG_WARN_EMPTY_BODY = YES;
				CLANG_WARN_ENUM_CONVERSION = YES;
				CLANG_WARN_INT_CONVERSION = YES;
				CLANG_WARN_OBJC_ROOT_CLASS = YES_ERROR;
				CLANG_WARN_UNREACHABLE_CODE = YES;
				CLANG_WARN__DUPLICATE_METHOD_MATCH = YES;
				"CODE_SIGN_IDENTITY[sdk=iphoneos*]" = "iPhone Developer";
				COPY_PHASE_STRIP = NO;
				DEBUG_INFORMATION_FORMAT = "dwarf-with-dsym";
				ENABLE_NS_ASSERTIONS = NO;
				ENABLE_STRICT_OBJC_MSGSEND = YES;
				GCC_C_LANGUAGE_STANDARD = gnu99;
				GCC_NO_COMMON_BLOCKS = YES;
				GCC_WARN_64_TO_32_BIT_CONVERSION = YES;
				GCC_WARN_ABOUT_RETURN_TYPE = YES_ERROR;
				GCC_WARN_UNDECLARED_SELECTOR = YES;
				GCC_WARN_UNINITIALIZED_AUTOS = YES_AGGRESSIVE;
				GCC_WARN_UNUSED_FUNCTION = YES;
				GCC_WARN_UNUSED_VARIABLE = YES;
				IPHONEOS_DEPLOYMENT_TARGET = 9.3;
				MTL_ENABLE_DEBUG_INFO = NO;
				SDKROOT = iphoneos;
				TARGETED_DEVICE_FAMILY = "1,2";
				VALIDATE_PRODUCT = YES;
			};
			name = Release;
		};
		A15164E01D898402008AEA14 /* Debug */ = {
			isa = XCBuildConfiguration;
			baseConfigurationReference = B8772F96BE5E1DAD5227F167 /* Pods-SDKFrontiOS.debug.xcconfig */;
			buildSettings = {
				ASSETCATALOG_COMPILER_APPICON_NAME = AppIcon;
				INFOPLIST_FILE = SDKFrontiOS/Info.plist;
				LD_RUNPATH_SEARCH_PATHS = "$(inherited) @executable_path/Frameworks";
				PRODUCT_BUNDLE_IDENTIFIER = com.tagsonomy.sdkfrontios.SDKFrontiOS;
				PRODUCT_NAME = "$(TARGET_NAME)";
			};
			name = Debug;
		};
		A15164E11D898402008AEA14 /* Release */ = {
			isa = XCBuildConfiguration;
			baseConfigurationReference = 7B2323C59FED48C332BB3B4C /* Pods-SDKFrontiOS.release.xcconfig */;
			buildSettings = {
				ASSETCATALOG_COMPILER_APPICON_NAME = AppIcon;
				INFOPLIST_FILE = SDKFrontiOS/Info.plist;
				LD_RUNPATH_SEARCH_PATHS = "$(inherited) @executable_path/Frameworks";
				PRODUCT_BUNDLE_IDENTIFIER = com.tagsonomy.sdkfrontios.SDKFrontiOS;
				PRODUCT_NAME = "$(TARGET_NAME)";
			};
			name = Release;
		};
		A15164E31D898402008AEA14 /* Debug */ = {
			isa = XCBuildConfiguration;
			baseConfigurationReference = 5AB6C73B8104C236AA0D61D1 /* Pods-SDKFrontiOSTests.debug.xcconfig */;
			buildSettings = {
				BUNDLE_LOADER = "$(TEST_HOST)";
				INFOPLIST_FILE = SDKFrontiOSTests/Info.plist;
				LD_RUNPATH_SEARCH_PATHS = "$(inherited) @executable_path/Frameworks @loader_path/Frameworks";
				PRODUCT_BUNDLE_IDENTIFIER = com.tagsonomy.sdkfrontios.SDKFrontiOS.SDKFrontiOSTests;
				PRODUCT_NAME = "$(TARGET_NAME)";
				TEST_HOST = "$(BUILT_PRODUCTS_DIR)/SDKFrontiOS.app/SDKFrontiOS";
			};
			name = Debug;
		};
		A15164E41D898402008AEA14 /* Release */ = {
			isa = XCBuildConfiguration;
			baseConfigurationReference = 06A79008658CD0BA3533C1B5 /* Pods-SDKFrontiOSTests.release.xcconfig */;
			buildSettings = {
				BUNDLE_LOADER = "$(TEST_HOST)";
				INFOPLIST_FILE = SDKFrontiOSTests/Info.plist;
				LD_RUNPATH_SEARCH_PATHS = "$(inherited) @executable_path/Frameworks @loader_path/Frameworks";
				PRODUCT_BUNDLE_IDENTIFIER = com.tagsonomy.sdkfrontios.SDKFrontiOS.SDKFrontiOSTests;
				PRODUCT_NAME = "$(TARGET_NAME)";
				TEST_HOST = "$(BUILT_PRODUCTS_DIR)/SDKFrontiOS.app/SDKFrontiOS";
			};
			name = Release;
		};
		A15164E61D898402008AEA14 /* Debug */ = {
			isa = XCBuildConfiguration;
			baseConfigurationReference = AEABBF57AAD4050B83453C21 /* Pods-SDKFrontiOSUITests.debug.xcconfig */;
			buildSettings = {
				INFOPLIST_FILE = SDKFrontiOSUITests/Info.plist;
				LD_RUNPATH_SEARCH_PATHS = "$(inherited) @executable_path/Frameworks @loader_path/Frameworks";
				PRODUCT_BUNDLE_IDENTIFIER = com.tagsonomy.sdkfrontios.SDKFrontiOS.SDKFrontiOSUITests;
				PRODUCT_NAME = "$(TARGET_NAME)";
				TEST_TARGET_NAME = SDKFrontiOS;
			};
			name = Debug;
		};
		A15164E71D898402008AEA14 /* Release */ = {
			isa = XCBuildConfiguration;
			baseConfigurationReference = 1A2547668D66FA2921D9668F /* Pods-SDKFrontiOSUITests.release.xcconfig */;
			buildSettings = {
				INFOPLIST_FILE = SDKFrontiOSUITests/Info.plist;
				LD_RUNPATH_SEARCH_PATHS = "$(inherited) @executable_path/Frameworks @loader_path/Frameworks";
				PRODUCT_BUNDLE_IDENTIFIER = com.tagsonomy.sdkfrontios.SDKFrontiOS.SDKFrontiOSUITests;
				PRODUCT_NAME = "$(TARGET_NAME)";
				TEST_TARGET_NAME = SDKFrontiOS;
			};
			name = Release;
		};
/* End XCBuildConfiguration section */

/* Begin XCConfigurationList section */
		A15164B21D898402008AEA14 /* Build configuration list for PBXProject "SDKFrontiOS" */ = {
			isa = XCConfigurationList;
			buildConfigurations = (
				A15164DD1D898402008AEA14 /* Debug */,
				A15164DE1D898402008AEA14 /* Release */,
			);
			defaultConfigurationIsVisible = 0;
			defaultConfigurationName = Release;
		};
		A15164DF1D898402008AEA14 /* Build configuration list for PBXNativeTarget "SDKFrontiOS" */ = {
			isa = XCConfigurationList;
			buildConfigurations = (
				A15164E01D898402008AEA14 /* Debug */,
				A15164E11D898402008AEA14 /* Release */,
			);
			defaultConfigurationIsVisible = 0;
			defaultConfigurationName = Release;
		};
		A15164E21D898402008AEA14 /* Build configuration list for PBXNativeTarget "SDKFrontiOSTests" */ = {
			isa = XCConfigurationList;
			buildConfigurations = (
				A15164E31D898402008AEA14 /* Debug */,
				A15164E41D898402008AEA14 /* Release */,
			);
			defaultConfigurationIsVisible = 0;
			defaultConfigurationName = Release;
		};
		A15164E51D898402008AEA14 /* Build configuration list for PBXNativeTarget "SDKFrontiOSUITests" */ = {
			isa = XCConfigurationList;
			buildConfigurations = (
				A15164E61D898402008AEA14 /* Debug */,
				A15164E71D898402008AEA14 /* Release */,
			);
			defaultConfigurationIsVisible = 0;
			defaultConfigurationName = Release;
		};
/* End XCConfigurationList section */
	};
	rootObject = A15164AF1D898402008AEA14 /* Project object */;
}
